// !$*UTF8*$!
{
	archiveVersion = 1;
	classes = {
	};
	objectVersion = 42;
	objects = {

/* Begin PBXBuildFile section */
		0d98e43ab0144630ef2206b3f3fdd8ad /* guiTypeButtonSlider.cpp in Sources */ = {isa = PBXBuildFile; fileRef = 8f5afda23de220f49ea17cbc7f5b9bb8 /* guiTypeButtonSlider.cpp */; };
		2b11014060cfa00ea494fbc6fbb71886 /* guiTypeTextDropDown.cpp in Sources */ = {isa = PBXBuildFile; fileRef = 4f64d7dd70c6b5b1fc395ded45f21650 /* guiTypeTextDropDown.cpp */; };
		314d78311d80062369e1827b37eb323a /* guiTypeChartPlotter.cpp in Sources */ = {isa = PBXBuildFile; fileRef = 3d66885fa7c19b7830ee08edd67006c6 /* guiTypeChartPlotter.cpp */; };
		41bcf7021939202f70e232a1937a7536 /* guiValue.cpp in Sources */ = {isa = PBXBuildFile; fileRef = 9f91d61ed1c9efa6a2acdc47683684d1 /* guiValue.cpp */; };
		41d65a061e305afd52e53551477eff71 /* guiTypeDrawable.cpp in Sources */ = {isa = PBXBuildFile; fileRef = eac15439b87dc40c3609393b8b773852 /* guiTypeDrawable.cpp */; };
		495a92a35ac1d16e07ca45c7895ac059 /* guiTypeCustom.cpp in Sources */ = {isa = PBXBuildFile; fileRef = cfed64139bf049d0e6e85b064f9b17e3 /* guiTypeCustom.cpp */; };
		4a71e37d7f36f23aa123eb0b7298fbd7 /* guiTypeSlider.cpp in Sources */ = {isa = PBXBuildFile; fileRef = 5cd68ca8fe136c3be208703b64644d80 /* guiTypeSlider.cpp */; };
		57178b2f9865d0f7a2408d49162c4bb7 /* ofxParticle.cpp in Sources */ = {isa = PBXBuildFile; fileRef = 55b76645e4d8d78efd4175aebd95546f /* ofxParticle.cpp */; };
		5a4349e9754d6fa14c0f2a3a1abc30b6 /* tinyxmlparser.cpp in Sources */ = {isa = PBXBuildFile; fileRef = fc5da1c87211d4f6377da7199d8c5a1e /* tinyxmlparser.cpp */; };
		5ab5747e5ef615d728fe9c6770d36338 /* guiTypeLabel.cpp in Sources */ = {isa = PBXBuildFile; fileRef = cfc7a1f656c34688d0ea0d0c1c3a4f77 /* guiTypeLabel.cpp */; };
		5f9a42bb0d0e7be2a7f62fdb8d14ab04 /* ofxTransformer.cpp in Sources */ = {isa = PBXBuildFile; fileRef = 75ff1054d5948d7eddd30e442ed0d1c7 /* ofxTransformer.cpp */; };
		5fd445ed4a5bb42065a63ec587255c59 /* guiTextBase.cpp in Sources */ = {isa = PBXBuildFile; fileRef = 9a234a6e775bfc7c47b1e336c269e9d6 /* guiTextBase.cpp */; };
		62884d3fce003c390f94ab7d10c8ebbd /* guiColor.cpp in Sources */ = {isa = PBXBuildFile; fileRef = d859bbb55780da0d9098dbd273a5558a /* guiColor.cpp */; };
		63b57ac5bf4ef088491e0317dbb2ecaa /* ofxXmlSettings.cpp in Sources */ = {isa = PBXBuildFile; fileRef = 50df87d612c5aae17aafa6c02c6bc570 /* ofxXmlSettings.cpp */; };
		7830622d2831d72613a1d3ce28b57561 /* guiCallback.cpp in Sources */ = {isa = PBXBuildFile; fileRef = 0623a592865192daf866ec80ca011055 /* guiCallback.cpp */; };
		7f587e2192aa95c424bf91abd220f151 /* ofxScene.cpp in Sources */ = {isa = PBXBuildFile; fileRef = fc7e9b4a22d8921421c51e3c083de4a1 /* ofxScene.cpp */; };
		849341dbc7a5374c26ac05244b29bc9e /* guiTypeToggle.cpp in Sources */ = {isa = PBXBuildFile; fileRef = 62121ab82e8c23f11bbc56e4abc4727d /* guiTypeToggle.cpp */; };
		871af250136390c0a8f657da3eb6dcc9 /* guiTypeVairableLister.cpp in Sources */ = {isa = PBXBuildFile; fileRef = 76ac9361add00e0a97505518e72834fa /* guiTypeVairableLister.cpp */; };
		8a230fb96662fb1ab1611b8abe9f6648 /* simpleColor.cpp in Sources */ = {isa = PBXBuildFile; fileRef = a8f5d6546b2050363e0433580bf92e20 /* simpleColor.cpp */; };
		8c3ba55a2996325bb57889a37b609e11 /* guiTypeTextInput.cpp in Sources */ = {isa = PBXBuildFile; fileRef = db609b0a16264158c61c979fbac10a4e /* guiTypeTextInput.cpp */; };
		933a2227713c720ceff80fd967d0a8ee /* tinyxml.cpp in Sources */ = {isa = PBXBuildFile; fileRef = 2b40eda85beb63e46785bc299a638898 /* tinyxml.cpp */; };
		9b36fec1f9a02af09246572b4e0e915e /* guiTypeText.cpp in Sources */ = {isa = PBXBuildFile; fileRef = 25f371915e6771cea7595d51145f19cc /* guiTypeText.cpp */; };
		9d44dc88ef9e7991b4a09951e2e4769f /* tinyxmlerror.cpp in Sources */ = {isa = PBXBuildFile; fileRef = 832bdc407620cdba568b713d2252c43c /* tinyxmlerror.cpp */; };
		9d97fdf450cc66e11f05e2794f9b9cc8 /* guiTypePanel.cpp in Sources */ = {isa = PBXBuildFile; fileRef = 08549d86f2263bafa64ae5d19077e4e9 /* guiTypePanel.cpp */; };
		9fef7afad4ddffd2a55aa54a1c323431 /* simpleFileLister.cpp in Sources */ = {isa = PBXBuildFile; fileRef = bdd9e60039a29dafb013cdbda2b6bd7f /* simpleFileLister.cpp */; };
		BBAB23CB13894F3D00AA2426 /* GLUT.framework in CopyFiles */ = {isa = PBXBuildFile; fileRef = BBAB23BE13894E4700AA2426 /* GLUT.framework */; };
		E4328149138ABC9F0047C5CB /* openFrameworksDebug.a in Frameworks */ = {isa = PBXBuildFile; fileRef = E4328148138ABC890047C5CB /* openFrameworksDebug.a */; };
		E45BE97B0E8CC7DD009D7055 /* AGL.framework in Frameworks */ = {isa = PBXBuildFile; fileRef = E45BE9710E8CC7DD009D7055 /* AGL.framework */; };
		E45BE97C0E8CC7DD009D7055 /* ApplicationServices.framework in Frameworks */ = {isa = PBXBuildFile; fileRef = E45BE9720E8CC7DD009D7055 /* ApplicationServices.framework */; };
		E45BE97D0E8CC7DD009D7055 /* AudioToolbox.framework in Frameworks */ = {isa = PBXBuildFile; fileRef = E45BE9730E8CC7DD009D7055 /* AudioToolbox.framework */; };
		E45BE97E0E8CC7DD009D7055 /* Carbon.framework in Frameworks */ = {isa = PBXBuildFile; fileRef = E45BE9740E8CC7DD009D7055 /* Carbon.framework */; };
		E45BE97F0E8CC7DD009D7055 /* CoreAudio.framework in Frameworks */ = {isa = PBXBuildFile; fileRef = E45BE9750E8CC7DD009D7055 /* CoreAudio.framework */; };
		E45BE9800E8CC7DD009D7055 /* CoreFoundation.framework in Frameworks */ = {isa = PBXBuildFile; fileRef = E45BE9760E8CC7DD009D7055 /* CoreFoundation.framework */; };
		E45BE9810E8CC7DD009D7055 /* CoreServices.framework in Frameworks */ = {isa = PBXBuildFile; fileRef = E45BE9770E8CC7DD009D7055 /* CoreServices.framework */; };
		E45BE9830E8CC7DD009D7055 /* OpenGL.framework in Frameworks */ = {isa = PBXBuildFile; fileRef = E45BE9790E8CC7DD009D7055 /* OpenGL.framework */; };
		E45BE9840E8CC7DD009D7055 /* QuickTime.framework in Frameworks */ = {isa = PBXBuildFile; fileRef = E45BE97A0E8CC7DD009D7055 /* QuickTime.framework */; };
		E4B69E200A3A1BDC003C02F2 /* main.cpp in Sources */ = {isa = PBXBuildFile; fileRef = E4B69E1D0A3A1BDC003C02F2 /* main.cpp */; };
		E4B69E210A3A1BDC003C02F2 /* testApp.cpp in Sources */ = {isa = PBXBuildFile; fileRef = E4B69E1E0A3A1BDC003C02F2 /* testApp.cpp */; };
		E4C2424710CC5A17004149E2 /* AppKit.framework in Frameworks */ = {isa = PBXBuildFile; fileRef = E4C2424410CC5A17004149E2 /* AppKit.framework */; };
		E4C2424810CC5A17004149E2 /* Cocoa.framework in Frameworks */ = {isa = PBXBuildFile; fileRef = E4C2424510CC5A17004149E2 /* Cocoa.framework */; };
		E4C2424910CC5A17004149E2 /* IOKit.framework in Frameworks */ = {isa = PBXBuildFile; fileRef = E4C2424610CC5A17004149E2 /* IOKit.framework */; };
		E4EB6799138ADC1D00A09F29 /* GLUT.framework in Frameworks */ = {isa = PBXBuildFile; fileRef = BBAB23BE13894E4700AA2426 /* GLUT.framework */; };
		E7E077E515D3B63C0020DFD4 /* CoreVideo.framework in Frameworks */ = {isa = PBXBuildFile; fileRef = E7E077E415D3B63C0020DFD4 /* CoreVideo.framework */; };
		E7E077E815D3B6510020DFD4 /* QTKit.framework in Frameworks */ = {isa = PBXBuildFile; fileRef = E7E077E715D3B6510020DFD4 /* QTKit.framework */; };
		E7F985F815E0DEA3003869B5 /* Accelerate.framework in Frameworks */ = {isa = PBXBuildFile; fileRef = E7F985F515E0DE99003869B5 /* Accelerate.framework */; };
		c6a9ec27e2608c434bca1db9670983ad /* guiType2DSlider.cpp in Sources */ = {isa = PBXBuildFile; fileRef = f740139603d171038c4e1057e0394011 /* guiType2DSlider.cpp */; };
		cba68ad61765b24c0bfd9886a8523d3f /* guiBaseObject.cpp in Sources */ = {isa = PBXBuildFile; fileRef = 6b7d7ecc5a662345912c93d5d7bfc68e /* guiBaseObject.cpp */; };
		cbe57d7c657c0b7fd01028646410940e /* guiTypeMultiToggle.cpp in Sources */ = {isa = PBXBuildFile; fileRef = bf1e9a470f4b02d30b8b1d188bd63663 /* guiTypeMultiToggle.cpp */; };
		d41b30cf66da734f99a45d5e96d168e4 /* simpleLogger.cpp in Sources */ = {isa = PBXBuildFile; fileRef = c15bfba225f9d1cf5780bd5e550a6dc1 /* simpleLogger.cpp */; };
		d8c70db2bc6120d71ebf23dc1d153805 /* ofxQuadWarper.cpp in Sources */ = {isa = PBXBuildFile; fileRef = 63730f5f8a1aba6f5db78e7b17376842 /* ofxQuadWarper.cpp */; };
		da78a8ae11597b5e43dfe903bdabcbcd /* guiTypeFileLister.cpp in Sources */ = {isa = PBXBuildFile; fileRef = 7e8a185410d2b5002305515abd6cb8a1 /* guiTypeFileLister.cpp */; };
		dbf52d494f6e2499e17acbf8785cfb84 /* guiTypeVideo.cpp in Sources */ = {isa = PBXBuildFile; fileRef = c5bb6d7a0c3a9d760bc22bbbe966990f /* guiTypeVideo.cpp */; };
		e82eba1255fe3ac639fca904fac42b75 /* ofxApp.cpp in Sources */ = {isa = PBXBuildFile; fileRef = 13f6d638f5246f6426128157216c546d /* ofxApp.cpp */; };
		e8999cbb9c2c6f093a5bd013c99eaebb /* ofxControlPanel.cpp in Sources */ = {isa = PBXBuildFile; fileRef = ed318057376feda301bd823e84e09b0f /* ofxControlPanel.cpp */; };
		e8a48d51b598b0e8012410d2e2815117 /* guiCallbackValue.cpp in Sources */ = {isa = PBXBuildFile; fileRef = d51169f112943bb2022a756aaa3cb7e4 /* guiCallbackValue.cpp */; };
		eac9f547a30b052d9752d4ccb735cc36 /* ofxSceneManager.cpp in Sources */ = {isa = PBXBuildFile; fileRef = 83527a3e3c29064bb9b26ac52c4f62df /* ofxSceneManager.cpp */; };
		eda6787f2e8def6246cf24d36747a7f3 /* guiTypeLogger.cpp in Sources */ = {isa = PBXBuildFile; fileRef = 589362a07aeb006b1b8be93fca0c021a /* guiTypeLogger.cpp */; };
/* End PBXBuildFile section */

/* Begin PBXContainerItemProxy section */
		E4328147138ABC890047C5CB /* PBXContainerItemProxy */ = {
			isa = PBXContainerItemProxy;
			containerPortal = E4328143138ABC890047C5CB /* openFrameworksLib.xcodeproj */;
			proxyType = 2;
			remoteGlobalIDString = E4B27C1510CBEB8E00536013;
			remoteInfo = openFrameworks;
		};
		E4EEB9AB138B136A00A80321 /* PBXContainerItemProxy */ = {
			isa = PBXContainerItemProxy;
			containerPortal = E4328143138ABC890047C5CB /* openFrameworksLib.xcodeproj */;
			proxyType = 1;
			remoteGlobalIDString = E4B27C1410CBEB8E00536013;
			remoteInfo = openFrameworks;
		};
/* End PBXContainerItemProxy section */

/* Begin PBXCopyFilesBuildPhase section */
		E4C2427710CC5ABF004149E2 /* CopyFiles */ = {
			isa = PBXCopyFilesBuildPhase;
			buildActionMask = 2147483647;
			dstPath = "";
			dstSubfolderSpec = 10;
			files = (
				BBAB23CB13894F3D00AA2426 /* GLUT.framework in CopyFiles */,
			);
			runOnlyForDeploymentPostprocessing = 0;
		};
/* End PBXCopyFilesBuildPhase section */

/* Begin PBXFileReference section */
		01dcc0911400f9acf5b65578af4ec8f9 /* ofxXmlSettings.h */ = {isa = PBXFileReference; explicitFileType = sourcecode.c.h; fileEncoding = 30; name = ofxXmlSettings.h; path = ../../../addons/ofxXmlSettings/src/ofxXmlSettings.h; sourceTree = SOURCE_ROOT; };
		0623a592865192daf866ec80ca011055 /* guiCallback.cpp */ = {isa = PBXFileReference; explicitFileType = sourcecode.cpp.cpp; fileEncoding = 30; name = guiCallback.cpp; path = ../../../addons/ofxControlPanel/src/guiCallback.cpp; sourceTree = SOURCE_ROOT; };
		08549d86f2263bafa64ae5d19077e4e9 /* guiTypePanel.cpp */ = {isa = PBXFileReference; explicitFileType = sourcecode.cpp.cpp; fileEncoding = 30; name = guiTypePanel.cpp; path = ../../../addons/ofxControlPanel/src/guiTypePanel.cpp; sourceTree = SOURCE_ROOT; };
		097fce1bd109d98ecb276d325ceb7f8c /* ofxBitmapString.h */ = {isa = PBXFileReference; explicitFileType = sourcecode.c.h; fileEncoding = 30; name = ofxBitmapString.h; path = ../../../addons/ofxAppUtils/src/ofxBitmapString.h; sourceTree = SOURCE_ROOT; };
		0cd7e22b01780b878cdba02d37194a6c /* ofxQuadWarper.h */ = {isa = PBXFileReference; explicitFileType = sourcecode.c.h; fileEncoding = 30; name = ofxQuadWarper.h; path = ../../../addons/ofxAppUtils/src/ofxQuadWarper.h; sourceTree = SOURCE_ROOT; };
		0d1ff930b42368e7df128f5cd1ea7466 /* guiVariablePointer.h */ = {isa = PBXFileReference; explicitFileType = sourcecode.c.h; fileEncoding = 30; name = guiVariablePointer.h; path = ../../../addons/ofxControlPanel/src/guiVariablePointer.h; sourceTree = SOURCE_ROOT; };
		13f6d638f5246f6426128157216c546d /* ofxApp.cpp */ = {isa = PBXFileReference; explicitFileType = sourcecode.cpp.cpp; fileEncoding = 30; name = ofxApp.cpp; path = ../../../addons/ofxAppUtils/src/ofxApp.cpp; sourceTree = SOURCE_ROOT; };
		1445907105c17263f76087d0df1a696e /* guiTypeVairableLister.h */ = {isa = PBXFileReference; explicitFileType = sourcecode.c.h; fileEncoding = 30; name = guiTypeVairableLister.h; path = ../../../addons/ofxControlPanel/src/guiTypeVairableLister.h; sourceTree = SOURCE_ROOT; };
		1d8b9a8480a5b3d82cefff066dafba2e /* simpleFileLister.h */ = {isa = PBXFileReference; explicitFileType = sourcecode.c.h; fileEncoding = 30; name = simpleFileLister.h; path = ../../../addons/ofxControlPanel/src/simpleFileLister.h; sourceTree = SOURCE_ROOT; };
		1e17b07da944407ec011b0b794da1a9e /* guiXmlValue.h */ = {isa = PBXFileReference; explicitFileType = sourcecode.c.h; fileEncoding = 30; name = guiXmlValue.h; path = ../../../addons/ofxControlPanel/src/guiXmlValue.h; sourceTree = SOURCE_ROOT; };
		25f371915e6771cea7595d51145f19cc /* guiTypeText.cpp */ = {isa = PBXFileReference; explicitFileType = sourcecode.cpp.cpp; fileEncoding = 30; name = guiTypeText.cpp; path = ../../../addons/ofxControlPanel/src/guiTypeText.cpp; sourceTree = SOURCE_ROOT; };
		29897723d8c99bc3f4c66556d572e651 /* guiTypeFileLister.h */ = {isa = PBXFileReference; explicitFileType = sourcecode.c.h; fileEncoding = 30; name = guiTypeFileLister.h; path = ../../../addons/ofxControlPanel/src/guiTypeFileLister.h; sourceTree = SOURCE_ROOT; };
		2b40eda85beb63e46785bc299a638898 /* tinyxml.cpp */ = {isa = PBXFileReference; explicitFileType = sourcecode.cpp.cpp; fileEncoding = 30; name = tinyxml.cpp; path = ../../../addons/ofxXmlSettings/libs/tinyxml.cpp; sourceTree = SOURCE_ROOT; };
		2d692a0570a93567d01b6d9d82742863 /* guiTypeTextDropDown.h */ = {isa = PBXFileReference; explicitFileType = sourcecode.c.h; fileEncoding = 30; name = guiTypeTextDropDown.h; path = ../../../addons/ofxControlPanel/src/guiTypeTextDropDown.h; sourceTree = SOURCE_ROOT; };
		3a18b217ea10ea8e3c7f6508f5b5186d /* guiTypeChartPlotter.h */ = {isa = PBXFileReference; explicitFileType = sourcecode.c.h; fileEncoding = 30; name = guiTypeChartPlotter.h; path = ../../../addons/ofxControlPanel/src/guiTypeChartPlotter.h; sourceTree = SOURCE_ROOT; };
		3d66885fa7c19b7830ee08edd67006c6 /* guiTypeChartPlotter.cpp */ = {isa = PBXFileReference; explicitFileType = sourcecode.cpp.cpp; fileEncoding = 30; name = guiTypeChartPlotter.cpp; path = ../../../addons/ofxControlPanel/src/guiTypeChartPlotter.cpp; sourceTree = SOURCE_ROOT; };
		433f1a9af67f62a5c34f5c8fc2781d43 /* ofxAutoControlPanel.h */ = {isa = PBXFileReference; explicitFileType = sourcecode.c.h; fileEncoding = 30; name = ofxAutoControlPanel.h; path = ../../../addons/ofxControlPanel/src/ofxAutoControlPanel.h; sourceTree = SOURCE_ROOT; };
		49ca6f47242293daf5a715a8d69ddebe /* simpleColor.h */ = {isa = PBXFileReference; explicitFileType = sourcecode.c.h; fileEncoding = 30; name = simpleColor.h; path = ../../../addons/ofxControlPanel/src/simpleColor.h; sourceTree = SOURCE_ROOT; };
		4bc67dbb14ff67076137af39e582178d /* guiValue.h */ = {isa = PBXFileReference; explicitFileType = sourcecode.c.h; fileEncoding = 30; name = guiValue.h; path = ../../../addons/ofxControlPanel/src/guiValue.h; sourceTree = SOURCE_ROOT; };
		4ed7010a59cfbff66dc17a56b3444a1f /* guiTypeButtonSlider.h */ = {isa = PBXFileReference; explicitFileType = sourcecode.c.h; fileEncoding = 30; name = guiTypeButtonSlider.h; path = ../../../addons/ofxControlPanel/src/guiTypeButtonSlider.h; sourceTree = SOURCE_ROOT; };
		4f64d7dd70c6b5b1fc395ded45f21650 /* guiTypeTextDropDown.cpp */ = {isa = PBXFileReference; explicitFileType = sourcecode.cpp.cpp; fileEncoding = 30; name = guiTypeTextDropDown.cpp; path = ../../../addons/ofxControlPanel/src/guiTypeTextDropDown.cpp; sourceTree = SOURCE_ROOT; };
		50df87d612c5aae17aafa6c02c6bc570 /* ofxXmlSettings.cpp */ = {isa = PBXFileReference; explicitFileType = sourcecode.cpp.cpp; fileEncoding = 30; name = ofxXmlSettings.cpp; path = ../../../addons/ofxXmlSettings/src/ofxXmlSettings.cpp; sourceTree = SOURCE_ROOT; };
		55b76645e4d8d78efd4175aebd95546f /* ofxParticle.cpp */ = {isa = PBXFileReference; explicitFileType = sourcecode.cpp.cpp; fileEncoding = 30; name = ofxParticle.cpp; path = ../../../addons/ofxAppUtils/src/ofxParticle.cpp; sourceTree = SOURCE_ROOT; };
		57d9b46a6c79cba14ba11339e9cfca9b /* ofxAppUtils.h */ = {isa = PBXFileReference; explicitFileType = sourcecode.c.h; fileEncoding = 30; name = ofxAppUtils.h; path = ../../../addons/ofxAppUtils/src/ofxAppUtils.h; sourceTree = SOURCE_ROOT; };
		589362a07aeb006b1b8be93fca0c021a /* guiTypeLogger.cpp */ = {isa = PBXFileReference; explicitFileType = sourcecode.cpp.cpp; fileEncoding = 30; name = guiTypeLogger.cpp; path = ../../../addons/ofxControlPanel/src/guiTypeLogger.cpp; sourceTree = SOURCE_ROOT; };
		5cd68ca8fe136c3be208703b64644d80 /* guiTypeSlider.cpp */ = {isa = PBXFileReference; explicitFileType = sourcecode.cpp.cpp; fileEncoding = 30; name = guiTypeSlider.cpp; path = ../../../addons/ofxControlPanel/src/guiTypeSlider.cpp; sourceTree = SOURCE_ROOT; };
		62121ab82e8c23f11bbc56e4abc4727d /* guiTypeToggle.cpp */ = {isa = PBXFileReference; explicitFileType = sourcecode.cpp.cpp; fileEncoding = 30; name = guiTypeToggle.cpp; path = ../../../addons/ofxControlPanel/src/guiTypeToggle.cpp; sourceTree = SOURCE_ROOT; };
		63730f5f8a1aba6f5db78e7b17376842 /* ofxQuadWarper.cpp */ = {isa = PBXFileReference; explicitFileType = sourcecode.cpp.cpp; fileEncoding = 30; name = ofxQuadWarper.cpp; path = ../../../addons/ofxAppUtils/src/ofxQuadWarper.cpp; sourceTree = SOURCE_ROOT; };
		654312303dcc69b59603cfa13418a260 /* matrix_funcs.h */ = {isa = PBXFileReference; explicitFileType = sourcecode.c.h; fileEncoding = 30; name = matrix_funcs.h; path = ../../../addons/ofxAppUtils/src/matrix_funcs.h; sourceTree = SOURCE_ROOT; };
		68d59562196fadbb3d4f19e3957817c0 /* ofxScene.h */ = {isa = PBXFileReference; explicitFileType = sourcecode.c.h; fileEncoding = 30; name = ofxScene.h; path = ../../../addons/ofxAppUtils/src/ofxScene.h; sourceTree = SOURCE_ROOT; };
		6b7d7ecc5a662345912c93d5d7bfc68e /* guiBaseObject.cpp */ = {isa = PBXFileReference; explicitFileType = sourcecode.cpp.cpp; fileEncoding = 30; name = guiBaseObject.cpp; path = ../../../addons/ofxControlPanel/src/guiBaseObject.cpp; sourceTree = SOURCE_ROOT; };
		6ba8a23114597204d5c6876730b1b0e7 /* ofxSceneManager.h */ = {isa = PBXFileReference; explicitFileType = sourcecode.c.h; fileEncoding = 30; name = ofxSceneManager.h; path = ../../../addons/ofxAppUtils/src/ofxSceneManager.h; sourceTree = SOURCE_ROOT; };
		6ddf13a4ef64524a9026ef50286b9127 /* guiColor.h */ = {isa = PBXFileReference; explicitFileType = sourcecode.c.h; fileEncoding = 30; name = guiColor.h; path = ../../../addons/ofxControlPanel/src/guiColor.h; sourceTree = SOURCE_ROOT; };
		6f5e052edc8e42eb2bebfbb2c486ea9f /* ofxControlPanel.h */ = {isa = PBXFileReference; explicitFileType = sourcecode.c.h; fileEncoding = 30; name = ofxControlPanel.h; path = ../../../addons/ofxControlPanel/src/ofxControlPanel.h; sourceTree = SOURCE_ROOT; };
		6fcdf1191d78db4e5238ac4679f80383 /* guiTypeTextInput.h */ = {isa = PBXFileReference; explicitFileType = sourcecode.c.h; fileEncoding = 30; name = guiTypeTextInput.h; path = ../../../addons/ofxControlPanel/src/guiTypeTextInput.h; sourceTree = SOURCE_ROOT; };
		75ff1054d5948d7eddd30e442ed0d1c7 /* ofxTransformer.cpp */ = {isa = PBXFileReference; explicitFileType = sourcecode.cpp.cpp; fileEncoding = 30; name = ofxTransformer.cpp; path = ../../../addons/ofxAppUtils/src/ofxTransformer.cpp; sourceTree = SOURCE_ROOT; };
		76ac9361add00e0a97505518e72834fa /* guiTypeVairableLister.cpp */ = {isa = PBXFileReference; explicitFileType = sourcecode.cpp.cpp; fileEncoding = 30; name = guiTypeVairableLister.cpp; path = ../../../addons/ofxControlPanel/src/guiTypeVairableLister.cpp; sourceTree = SOURCE_ROOT; };
		785ef65f14138ab610c0595e38a0016a /* guiCallbackValue.h */ = {isa = PBXFileReference; explicitFileType = sourcecode.c.h; fileEncoding = 30; name = guiCallbackValue.h; path = ../../../addons/ofxControlPanel/src/guiCallbackValue.h; sourceTree = SOURCE_ROOT; };
		7b621bd2f5de1ff903fb7f2c711471bb /* simpleLogger.h */ = {isa = PBXFileReference; explicitFileType = sourcecode.c.h; fileEncoding = 30; name = simpleLogger.h; path = ../../../addons/ofxControlPanel/src/simpleLogger.h; sourceTree = SOURCE_ROOT; };
		7e8a185410d2b5002305515abd6cb8a1 /* guiTypeFileLister.cpp */ = {isa = PBXFileReference; explicitFileType = sourcecode.cpp.cpp; fileEncoding = 30; name = guiTypeFileLister.cpp; path = ../../../addons/ofxControlPanel/src/guiTypeFileLister.cpp; sourceTree = SOURCE_ROOT; };
		8131428d7458ec1392831f6c7ddeae34 /* guiType2DSlider.h */ = {isa = PBXFileReference; explicitFileType = sourcecode.c.h; fileEncoding = 30; name = guiType2DSlider.h; path = ../../../addons/ofxControlPanel/src/guiType2DSlider.h; sourceTree = SOURCE_ROOT; };
		815c422e69c6ffeeb97d1b0ad3d5ee55 /* guiTypeDrawable.h */ = {isa = PBXFileReference; explicitFileType = sourcecode.c.h; fileEncoding = 30; name = guiTypeDrawable.h; path = ../../../addons/ofxControlPanel/src/guiTypeDrawable.h; sourceTree = SOURCE_ROOT; };
		82741786e8e6961c9b9ea2dff35d4d57 /* guiTypeToggle.h */ = {isa = PBXFileReference; explicitFileType = sourcecode.c.h; fileEncoding = 30; name = guiTypeToggle.h; path = ../../../addons/ofxControlPanel/src/guiTypeToggle.h; sourceTree = SOURCE_ROOT; };
		832bdc407620cdba568b713d2252c43c /* tinyxmlerror.cpp */ = {isa = PBXFileReference; explicitFileType = sourcecode.cpp.cpp; fileEncoding = 30; name = tinyxmlerror.cpp; path = ../../../addons/ofxXmlSettings/libs/tinyxmlerror.cpp; sourceTree = SOURCE_ROOT; };
		83527a3e3c29064bb9b26ac52c4f62df /* ofxSceneManager.cpp */ = {isa = PBXFileReference; explicitFileType = sourcecode.cpp.cpp; fileEncoding = 30; name = ofxSceneManager.cpp; path = ../../../addons/ofxAppUtils/src/ofxSceneManager.cpp; sourceTree = SOURCE_ROOT; };
		8f5afda23de220f49ea17cbc7f5b9bb8 /* guiTypeButtonSlider.cpp */ = {isa = PBXFileReference; explicitFileType = sourcecode.cpp.cpp; fileEncoding = 30; name = guiTypeButtonSlider.cpp; path = ../../../addons/ofxControlPanel/src/guiTypeButtonSlider.cpp; sourceTree = SOURCE_ROOT; };
		917e84e4f57957f7a5bd76f7d895f5be /* ofxTimer.h */ = {isa = PBXFileReference; explicitFileType = sourcecode.c.h; fileEncoding = 30; name = ofxTimer.h; path = ../../../addons/ofxAppUtils/src/ofxTimer.h; sourceTree = SOURCE_ROOT; };
		9a234a6e775bfc7c47b1e336c269e9d6 /* guiTextBase.cpp */ = {isa = PBXFileReference; explicitFileType = sourcecode.cpp.cpp; fileEncoding = 30; name = guiTextBase.cpp; path = ../../../addons/ofxControlPanel/src/guiTextBase.cpp; sourceTree = SOURCE_ROOT; };
		9ad86eb22381ac3deea8f304ebd9b5b2 /* guiBaseObject.h */ = {isa = PBXFileReference; explicitFileType = sourcecode.c.h; fileEncoding = 30; name = guiBaseObject.h; path = ../../../addons/ofxControlPanel/src/guiBaseObject.h; sourceTree = SOURCE_ROOT; };
		9f91d61ed1c9efa6a2acdc47683684d1 /* guiValue.cpp */ = {isa = PBXFileReference; explicitFileType = sourcecode.cpp.cpp; fileEncoding = 30; name = guiValue.cpp; path = ../../../addons/ofxControlPanel/src/guiValue.cpp; sourceTree = SOURCE_ROOT; };
		BBAB23BE13894E4700AA2426 /* GLUT.framework */ = {isa = PBXFileReference; lastKnownFileType = wrapper.framework; name = GLUT.framework; path = ../../../libs/glut/lib/osx/GLUT.framework; sourceTree = "<group>"; };
		E4328143138ABC890047C5CB /* openFrameworksLib.xcodeproj */ = {isa = PBXFileReference; lastKnownFileType = "wrapper.pb-project"; name = openFrameworksLib.xcodeproj; path = ../../../libs/openFrameworksCompiled/project/osx/openFrameworksLib.xcodeproj; sourceTree = SOURCE_ROOT; };
		E45BE9710E8CC7DD009D7055 /* AGL.framework */ = {isa = PBXFileReference; lastKnownFileType = wrapper.framework; name = AGL.framework; path = /System/Library/Frameworks/AGL.framework; sourceTree = "<absolute>"; };
		E45BE9720E8CC7DD009D7055 /* ApplicationServices.framework */ = {isa = PBXFileReference; lastKnownFileType = wrapper.framework; name = ApplicationServices.framework; path = /System/Library/Frameworks/ApplicationServices.framework; sourceTree = "<absolute>"; };
		E45BE9730E8CC7DD009D7055 /* AudioToolbox.framework */ = {isa = PBXFileReference; lastKnownFileType = wrapper.framework; name = AudioToolbox.framework; path = /System/Library/Frameworks/AudioToolbox.framework; sourceTree = "<absolute>"; };
		E45BE9740E8CC7DD009D7055 /* Carbon.framework */ = {isa = PBXFileReference; lastKnownFileType = wrapper.framework; name = Carbon.framework; path = /System/Library/Frameworks/Carbon.framework; sourceTree = "<absolute>"; };
		E45BE9750E8CC7DD009D7055 /* CoreAudio.framework */ = {isa = PBXFileReference; lastKnownFileType = wrapper.framework; name = CoreAudio.framework; path = /System/Library/Frameworks/CoreAudio.framework; sourceTree = "<absolute>"; };
		E45BE9760E8CC7DD009D7055 /* CoreFoundation.framework */ = {isa = PBXFileReference; lastKnownFileType = wrapper.framework; name = CoreFoundation.framework; path = /System/Library/Frameworks/CoreFoundation.framework; sourceTree = "<absolute>"; };
		E45BE9770E8CC7DD009D7055 /* CoreServices.framework */ = {isa = PBXFileReference; lastKnownFileType = wrapper.framework; name = CoreServices.framework; path = /System/Library/Frameworks/CoreServices.framework; sourceTree = "<absolute>"; };
		E45BE9790E8CC7DD009D7055 /* OpenGL.framework */ = {isa = PBXFileReference; lastKnownFileType = wrapper.framework; name = OpenGL.framework; path = /System/Library/Frameworks/OpenGL.framework; sourceTree = "<absolute>"; };
		E45BE97A0E8CC7DD009D7055 /* QuickTime.framework */ = {isa = PBXFileReference; lastKnownFileType = wrapper.framework; name = QuickTime.framework; path = /System/Library/Frameworks/QuickTime.framework; sourceTree = "<absolute>"; };
		E4B69B5B0A3A1756003C02F2 /* appUtilsExampleDebug.app */ = {isa = PBXFileReference; explicitFileType = wrapper.application; includeInIndex = 0; path = appUtilsExampleDebug.app; sourceTree = BUILT_PRODUCTS_DIR; };
		E4B69E1D0A3A1BDC003C02F2 /* main.cpp */ = {isa = PBXFileReference; fileEncoding = 30; lastKnownFileType = sourcecode.cpp.cpp; name = main.cpp; path = src/main.cpp; sourceTree = SOURCE_ROOT; };
		E4B69E1E0A3A1BDC003C02F2 /* testApp.cpp */ = {isa = PBXFileReference; explicitFileType = sourcecode.cpp.cpp; fileEncoding = 30; name = testApp.cpp; path = src/testApp.cpp; sourceTree = SOURCE_ROOT; };
		E4B69E1F0A3A1BDC003C02F2 /* testApp.h */ = {isa = PBXFileReference; fileEncoding = 30; lastKnownFileType = sourcecode.c.h; name = testApp.h; path = src/testApp.h; sourceTree = SOURCE_ROOT; };
		E4B6FCAD0C3E899E008CF71C /* openFrameworks-Info.plist */ = {isa = PBXFileReference; fileEncoding = 30; lastKnownFileType = text.plist.xml; path = "openFrameworks-Info.plist"; sourceTree = "<group>"; };
		E4C2424410CC5A17004149E2 /* AppKit.framework */ = {isa = PBXFileReference; lastKnownFileType = wrapper.framework; name = AppKit.framework; path = /System/Library/Frameworks/AppKit.framework; sourceTree = "<absolute>"; };
		E4C2424510CC5A17004149E2 /* Cocoa.framework */ = {isa = PBXFileReference; lastKnownFileType = wrapper.framework; name = Cocoa.framework; path = /System/Library/Frameworks/Cocoa.framework; sourceTree = "<absolute>"; };
		E4C2424610CC5A17004149E2 /* IOKit.framework */ = {isa = PBXFileReference; lastKnownFileType = wrapper.framework; name = IOKit.framework; path = /System/Library/Frameworks/IOKit.framework; sourceTree = "<absolute>"; };
		E4EB691F138AFCF100A09F29 /* CoreOF.xcconfig */ = {isa = PBXFileReference; fileEncoding = 4; lastKnownFileType = text.xcconfig; name = CoreOF.xcconfig; path = ../../../libs/openFrameworksCompiled/project/osx/CoreOF.xcconfig; sourceTree = SOURCE_ROOT; };
		E4EB6923138AFD0F00A09F29 /* Project.xcconfig */ = {isa = PBXFileReference; fileEncoding = 4; lastKnownFileType = text.xcconfig; path = Project.xcconfig; sourceTree = "<group>"; };
		E7E077E415D3B63C0020DFD4 /* CoreVideo.framework */ = {isa = PBXFileReference; lastKnownFileType = wrapper.framework; name = CoreVideo.framework; path = /System/Library/Frameworks/CoreVideo.framework; sourceTree = "<absolute>"; };
		E7E077E715D3B6510020DFD4 /* QTKit.framework */ = {isa = PBXFileReference; lastKnownFileType = wrapper.framework; name = QTKit.framework; path = /System/Library/Frameworks/QTKit.framework; sourceTree = "<absolute>"; };
		E7F985F515E0DE99003869B5 /* Accelerate.framework */ = {isa = PBXFileReference; lastKnownFileType = wrapper.framework; name = Accelerate.framework; path = /System/Library/Frameworks/Accelerate.framework; sourceTree = "<absolute>"; };
		a8f5d6546b2050363e0433580bf92e20 /* simpleColor.cpp */ = {isa = PBXFileReference; explicitFileType = sourcecode.cpp.cpp; fileEncoding = 30; name = simpleColor.cpp; path = ../../../addons/ofxControlPanel/src/simpleColor.cpp; sourceTree = SOURCE_ROOT; };
		aa1019f4045d9c8a7a4feb961594f74a /* ParticleScene.h */ = {isa = PBXFileReference; explicitFileType = sourcecode.c.h; fileEncoding = 30; name = ParticleScene.h; path = src/scenes/ParticleScene.h; sourceTree = SOURCE_ROOT; };
		ab1edbee566b226a8832e19128ad90cd /* guiIncludes.h */ = {isa = PBXFileReference; explicitFileType = sourcecode.c.h; fileEncoding = 30; name = guiIncludes.h; path = ../../../addons/ofxControlPanel/src/guiIncludes.h; sourceTree = SOURCE_ROOT; };
		ad4ed35c34c7716523e3f68ed553596c /* ofxApp.h */ = {isa = PBXFileReference; explicitFileType = sourcecode.c.h; fileEncoding = 30; name = ofxApp.h; path = ../../../addons/ofxAppUtils/src/ofxApp.h; sourceTree = SOURCE_ROOT; };
		b21e7e5f548eea92f368040bb1aa2f69 /* tinyxml.h */ = {isa = PBXFileReference; explicitFileType = sourcecode.c.h; fileEncoding = 30; name = tinyxml.h; path = ../../../addons/ofxXmlSettings/libs/tinyxml.h; sourceTree = SOURCE_ROOT; };
		b3c7247ed359be65b5319a20c435a72b /* guiTypeLogger.h */ = {isa = PBXFileReference; explicitFileType = sourcecode.c.h; fileEncoding = 30; name = guiTypeLogger.h; path = ../../../addons/ofxControlPanel/src/guiTypeLogger.h; sourceTree = SOURCE_ROOT; };
		b64fb1a368486a378452239dad924307 /* guiTextBase.h */ = {isa = PBXFileReference; explicitFileType = sourcecode.c.h; fileEncoding = 30; name = guiTextBase.h; path = ../../../addons/ofxControlPanel/src/guiTextBase.h; sourceTree = SOURCE_ROOT; };
		b70d8c165cc65eee349e643f93853e41 /* guiTypeCustom.h */ = {isa = PBXFileReference; explicitFileType = sourcecode.c.h; fileEncoding = 30; name = guiTypeCustom.h; path = ../../../addons/ofxControlPanel/src/guiTypeCustom.h; sourceTree = SOURCE_ROOT; };
		b8171158aaaa0027520eeaf7170937a7 /* ofxParticleManager.h */ = {isa = PBXFileReference; explicitFileType = sourcecode.c.h; fileEncoding = 30; name = ofxParticleManager.h; path = ../../../addons/ofxAppUtils/src/ofxParticleManager.h; sourceTree = SOURCE_ROOT; };
		bdd9e60039a29dafb013cdbda2b6bd7f /* simpleFileLister.cpp */ = {isa = PBXFileReference; explicitFileType = sourcecode.cpp.cpp; fileEncoding = 30; name = simpleFileLister.cpp; path = ../../../addons/ofxControlPanel/src/simpleFileLister.cpp; sourceTree = SOURCE_ROOT; };
		bf1e9a470f4b02d30b8b1d188bd63663 /* guiTypeMultiToggle.cpp */ = {isa = PBXFileReference; explicitFileType = sourcecode.cpp.cpp; fileEncoding = 30; name = guiTypeMultiToggle.cpp; path = ../../../addons/ofxControlPanel/src/guiTypeMultiToggle.cpp; sourceTree = SOURCE_ROOT; };
		c15bfba225f9d1cf5780bd5e550a6dc1 /* simpleLogger.cpp */ = {isa = PBXFileReference; explicitFileType = sourcecode.cpp.cpp; fileEncoding = 30; name = simpleLogger.cpp; path = ../../../addons/ofxControlPanel/src/simpleLogger.cpp; sourceTree = SOURCE_ROOT; };
		c5bb6d7a0c3a9d760bc22bbbe966990f /* guiTypeVideo.cpp */ = {isa = PBXFileReference; explicitFileType = sourcecode.cpp.cpp; fileEncoding = 30; name = guiTypeVideo.cpp; path = ../../../addons/ofxControlPanel/src/guiTypeVideo.cpp; sourceTree = SOURCE_ROOT; };
		cbd6e9e8b022ab69fe7e454e8d843e39 /* guiTypeVideo.h */ = {isa = PBXFileReference; explicitFileType = sourcecode.c.h; fileEncoding = 30; name = guiTypeVideo.h; path = ../../../addons/ofxControlPanel/src/guiTypeVideo.h; sourceTree = SOURCE_ROOT; };
		ce0c97e3f012f9fadfb5f2605746f103 /* guiTypeText.h */ = {isa = PBXFileReference; explicitFileType = sourcecode.c.h; fileEncoding = 30; name = guiTypeText.h; path = ../../../addons/ofxControlPanel/src/guiTypeText.h; sourceTree = SOURCE_ROOT; };
		cfc7a1f656c34688d0ea0d0c1c3a4f77 /* guiTypeLabel.cpp */ = {isa = PBXFileReference; explicitFileType = sourcecode.cpp.cpp; fileEncoding = 30; name = guiTypeLabel.cpp; path = ../../../addons/ofxControlPanel/src/guiTypeLabel.cpp; sourceTree = SOURCE_ROOT; };
		cfe9ee9d8e455627cea7347f341c5157 /* ofxTransformer.h */ = {isa = PBXFileReference; explicitFileType = sourcecode.c.h; fileEncoding = 30; name = ofxTransformer.h; path = ../../../addons/ofxAppUtils/src/ofxTransformer.h; sourceTree = SOURCE_ROOT; };
		cfed64139bf049d0e6e85b064f9b17e3 /* guiTypeCustom.cpp */ = {isa = PBXFileReference; explicitFileType = sourcecode.cpp.cpp; fileEncoding = 30; name = guiTypeCustom.cpp; path = ../../../addons/ofxControlPanel/src/guiTypeCustom.cpp; sourceTree = SOURCE_ROOT; };
		d11af1710220d1059049eb194f95664f /* guiTypeMultiToggle.h */ = {isa = PBXFileReference; explicitFileType = sourcecode.c.h; fileEncoding = 30; name = guiTypeMultiToggle.h; path = ../../../addons/ofxControlPanel/src/guiTypeMultiToggle.h; sourceTree = SOURCE_ROOT; };
		d16e15c2ae7131e2aaaf101493674e94 /* scenes.h */ = {isa = PBXFileReference; explicitFileType = sourcecode.c.h; fileEncoding = 30; name = scenes.h; path = src/scenes/scenes.h; sourceTree = SOURCE_ROOT; };
		d3ac91d60fbbeb4aa58b19722507214e /* guiTypeLabel.h */ = {isa = PBXFileReference; explicitFileType = sourcecode.c.h; fileEncoding = 30; name = guiTypeLabel.h; path = ../../../addons/ofxControlPanel/src/guiTypeLabel.h; sourceTree = SOURCE_ROOT; };
		d4944026cdfd5ced0a8eff8aa139e8a3 /* guiTypePanel.h */ = {isa = PBXFileReference; explicitFileType = sourcecode.c.h; fileEncoding = 30; name = guiTypePanel.h; path = ../../../addons/ofxControlPanel/src/guiTypePanel.h; sourceTree = SOURCE_ROOT; };
		d51169f112943bb2022a756aaa3cb7e4 /* guiCallbackValue.cpp */ = {isa = PBXFileReference; explicitFileType = sourcecode.cpp.cpp; fileEncoding = 30; name = guiCallbackValue.cpp; path = ../../../addons/ofxControlPanel/src/guiCallbackValue.cpp; sourceTree = SOURCE_ROOT; };
		d859bbb55780da0d9098dbd273a5558a /* guiColor.cpp */ = {isa = PBXFileReference; explicitFileType = sourcecode.cpp.cpp; fileEncoding = 30; name = guiColor.cpp; path = ../../../addons/ofxControlPanel/src/guiColor.cpp; sourceTree = SOURCE_ROOT; };
		db609b0a16264158c61c979fbac10a4e /* guiTypeTextInput.cpp */ = {isa = PBXFileReference; explicitFileType = sourcecode.cpp.cpp; fileEncoding = 30; name = guiTypeTextInput.cpp; path = ../../../addons/ofxControlPanel/src/guiTypeTextInput.cpp; sourceTree = SOURCE_ROOT; };
		e82e4a22bf45f5cd82f6e180610a6c63 /* guiCustomImpl.h */ = {isa = PBXFileReference; explicitFileType = sourcecode.c.h; fileEncoding = 30; name = guiCustomImpl.h; path = ../../../addons/ofxControlPanel/src/guiCustomImpl.h; sourceTree = SOURCE_ROOT; };
		e879411e3078dfeba57e2bab6fe00ebc /* guiCallback.h */ = {isa = PBXFileReference; explicitFileType = sourcecode.c.h; fileEncoding = 30; name = guiCallback.h; path = ../../../addons/ofxControlPanel/src/guiCallback.h; sourceTree = SOURCE_ROOT; };
		ea11f25c2eedd0cc8b994e63023aab87 /* ofxParticle.h */ = {isa = PBXFileReference; explicitFileType = sourcecode.c.h; fileEncoding = 30; name = ofxParticle.h; path = ../../../addons/ofxAppUtils/src/ofxParticle.h; sourceTree = SOURCE_ROOT; };
		eac15439b87dc40c3609393b8b773852 /* guiTypeDrawable.cpp */ = {isa = PBXFileReference; explicitFileType = sourcecode.cpp.cpp; fileEncoding = 30; name = guiTypeDrawable.cpp; path = ../../../addons/ofxControlPanel/src/guiTypeDrawable.cpp; sourceTree = SOURCE_ROOT; };
		ed318057376feda301bd823e84e09b0f /* ofxControlPanel.cpp */ = {isa = PBXFileReference; explicitFileType = sourcecode.cpp.cpp; fileEncoding = 30; name = ofxControlPanel.cpp; path = ../../../addons/ofxControlPanel/src/ofxControlPanel.cpp; sourceTree = SOURCE_ROOT; };
		edc1b8201077923461fe934ddb8ad83d /* guiTypeSlider.h */ = {isa = PBXFileReference; explicitFileType = sourcecode.c.h; fileEncoding = 30; name = guiTypeSlider.h; path = ../../../addons/ofxControlPanel/src/guiTypeSlider.h; sourceTree = SOURCE_ROOT; };
		f302b42afbf6e4e070fc45e2d15613fb /* LineScene.h */ = {isa = PBXFileReference; explicitFileType = sourcecode.c.h; fileEncoding = 30; name = LineScene.h; path = src/scenes/LineScene.h; sourceTree = SOURCE_ROOT; };
		f740139603d171038c4e1057e0394011 /* guiType2DSlider.cpp */ = {isa = PBXFileReference; explicitFileType = sourcecode.cpp.cpp; fileEncoding = 30; name = guiType2DSlider.cpp; path = ../../../addons/ofxControlPanel/src/guiType2DSlider.cpp; sourceTree = SOURCE_ROOT; };
		fc5da1c87211d4f6377da7199d8c5a1e /* tinyxmlparser.cpp */ = {isa = PBXFileReference; explicitFileType = sourcecode.cpp.cpp; fileEncoding = 30; name = tinyxmlparser.cpp; path = ../../../addons/ofxXmlSettings/libs/tinyxmlparser.cpp; sourceTree = SOURCE_ROOT; };
		fc7e9b4a22d8921421c51e3c083de4a1 /* ofxScene.cpp */ = {isa = PBXFileReference; explicitFileType = sourcecode.cpp.cpp; fileEncoding = 30; name = ofxScene.cpp; path = ../../../addons/ofxAppUtils/src/ofxScene.cpp; sourceTree = SOURCE_ROOT; };
/* End PBXFileReference section */

/* Begin PBXFrameworksBuildPhase section */
		E4B69B590A3A1756003C02F2 /* Frameworks */ = {
			isa = PBXFrameworksBuildPhase;
			buildActionMask = 2147483647;
			files = (
				E7F985F815E0DEA3003869B5 /* Accelerate.framework in Frameworks */,
				E7E077E815D3B6510020DFD4 /* QTKit.framework in Frameworks */,
				E4EB6799138ADC1D00A09F29 /* GLUT.framework in Frameworks */,
				E4328149138ABC9F0047C5CB /* openFrameworksDebug.a in Frameworks */,
				E45BE97B0E8CC7DD009D7055 /* AGL.framework in Frameworks */,
				E45BE97C0E8CC7DD009D7055 /* ApplicationServices.framework in Frameworks */,
				E45BE97D0E8CC7DD009D7055 /* AudioToolbox.framework in Frameworks */,
				E45BE97E0E8CC7DD009D7055 /* Carbon.framework in Frameworks */,
				E45BE97F0E8CC7DD009D7055 /* CoreAudio.framework in Frameworks */,
				E45BE9800E8CC7DD009D7055 /* CoreFoundation.framework in Frameworks */,
				E45BE9810E8CC7DD009D7055 /* CoreServices.framework in Frameworks */,
				E45BE9830E8CC7DD009D7055 /* OpenGL.framework in Frameworks */,
				E45BE9840E8CC7DD009D7055 /* QuickTime.framework in Frameworks */,
				E4C2424710CC5A17004149E2 /* AppKit.framework in Frameworks */,
				E4C2424810CC5A17004149E2 /* Cocoa.framework in Frameworks */,
				E4C2424910CC5A17004149E2 /* IOKit.framework in Frameworks */,
				E7E077E515D3B63C0020DFD4 /* CoreVideo.framework in Frameworks */,
			);
			runOnlyForDeploymentPostprocessing = 0;
		};
/* End PBXFrameworksBuildPhase section */

/* Begin PBXGroup section */
		04cc8ac17fd7e6d1be69fb9c5d20c26d /* src */ = {
			isa = PBXGroup;
			children = (
				654312303dcc69b59603cfa13418a260 /* matrix_funcs.h */,
				13f6d638f5246f6426128157216c546d /* ofxApp.cpp */,
				ad4ed35c34c7716523e3f68ed553596c /* ofxApp.h */,
				57d9b46a6c79cba14ba11339e9cfca9b /* ofxAppUtils.h */,
				097fce1bd109d98ecb276d325ceb7f8c /* ofxBitmapString.h */,
				55b76645e4d8d78efd4175aebd95546f /* ofxParticle.cpp */,
				ea11f25c2eedd0cc8b994e63023aab87 /* ofxParticle.h */,
				b8171158aaaa0027520eeaf7170937a7 /* ofxParticleManager.h */,
				63730f5f8a1aba6f5db78e7b17376842 /* ofxQuadWarper.cpp */,
				0cd7e22b01780b878cdba02d37194a6c /* ofxQuadWarper.h */,
				fc7e9b4a22d8921421c51e3c083de4a1 /* ofxScene.cpp */,
				68d59562196fadbb3d4f19e3957817c0 /* ofxScene.h */,
				83527a3e3c29064bb9b26ac52c4f62df /* ofxSceneManager.cpp */,
				6ba8a23114597204d5c6876730b1b0e7 /* ofxSceneManager.h */,
				917e84e4f57957f7a5bd76f7d895f5be /* ofxTimer.h */,
				75ff1054d5948d7eddd30e442ed0d1c7 /* ofxTransformer.cpp */,
				cfe9ee9d8e455627cea7347f341c5157 /* ofxTransformer.h */,
			);
			name = src;
			sourceTree = "<group>";
		};
		1f4fb5c423662b96adfdcc0badec1cb0 /* ofxXmlSettings */ = {
			isa = PBXGroup;
			children = (
				6ecef0d76bc33727823eadffc320c44d /* src */,
				6e54289412d2d94f45a051132369530c /* libs */,
			);
			name = ofxXmlSettings;
			sourceTree = "<group>";
		};
		3598f21374bfca3edce76f188ab795da /* ofxControlPanel */ = {
			isa = PBXGroup;
			children = (
				f9e6b680913d8757e21c58b5941c7fa0 /* src */,
			);
			name = ofxControlPanel;
			sourceTree = "<group>";
		};
		36bf1c038f5aec4d85473fe413163e83 /* scenes */ = {
			isa = PBXGroup;
			children = (
				f302b42afbf6e4e070fc45e2d15613fb /* LineScene.h */,
				aa1019f4045d9c8a7a4feb961594f74a /* ParticleScene.h */,
				d16e15c2ae7131e2aaaf101493674e94 /* scenes.h */,
			);
			name = scenes;
			sourceTree = "<group>";
		};
		545a41ea96119ebe7256c4855cd4bef0 /* ofxAppUtils */ = {
			isa = PBXGroup;
			children = (
				04cc8ac17fd7e6d1be69fb9c5d20c26d /* src */,
			);
			name = ofxAppUtils;
			sourceTree = "<group>";
		};
		6e54289412d2d94f45a051132369530c /* libs */ = {
			isa = PBXGroup;
			children = (
				2b40eda85beb63e46785bc299a638898 /* tinyxml.cpp */,
				b21e7e5f548eea92f368040bb1aa2f69 /* tinyxml.h */,
				832bdc407620cdba568b713d2252c43c /* tinyxmlerror.cpp */,
				fc5da1c87211d4f6377da7199d8c5a1e /* tinyxmlparser.cpp */,
			);
			name = libs;
			sourceTree = "<group>";
		};
		6ecef0d76bc33727823eadffc320c44d /* src */ = {
			isa = PBXGroup;
			children = (
				50df87d612c5aae17aafa6c02c6bc570 /* ofxXmlSettings.cpp */,
				01dcc0911400f9acf5b65578af4ec8f9 /* ofxXmlSettings.h */,
			);
			name = src;
			sourceTree = "<group>";
		};
		BB4B014C10F69532006C3DED /* addons */ = {
			isa = PBXGroup;
			children = (
				545a41ea96119ebe7256c4855cd4bef0 /* ofxAppUtils */,
				3598f21374bfca3edce76f188ab795da /* ofxControlPanel */,
				1f4fb5c423662b96adfdcc0badec1cb0 /* ofxXmlSettings */,
			);
			name = addons;
			sourceTree = "<group>";
		};
		BBAB23C913894ECA00AA2426 /* system frameworks */ = {
			isa = PBXGroup;
			children = (
				E7F985F515E0DE99003869B5 /* Accelerate.framework */,
				E4C2424410CC5A17004149E2 /* AppKit.framework */,
				E4C2424510CC5A17004149E2 /* Cocoa.framework */,
				E4C2424610CC5A17004149E2 /* IOKit.framework */,
				E45BE9710E8CC7DD009D7055 /* AGL.framework */,
				E45BE9720E8CC7DD009D7055 /* ApplicationServices.framework */,
				E45BE9730E8CC7DD009D7055 /* AudioToolbox.framework */,
				E45BE9740E8CC7DD009D7055 /* Carbon.framework */,
				E45BE9750E8CC7DD009D7055 /* CoreAudio.framework */,
				E45BE9760E8CC7DD009D7055 /* CoreFoundation.framework */,
				E45BE9770E8CC7DD009D7055 /* CoreServices.framework */,
				E45BE9790E8CC7DD009D7055 /* OpenGL.framework */,
				E45BE97A0E8CC7DD009D7055 /* QuickTime.framework */,
				E7E077E415D3B63C0020DFD4 /* CoreVideo.framework */,
				E7E077E715D3B6510020DFD4 /* QTKit.framework */,
			);
			name = "system frameworks";
			sourceTree = "<group>";
		};
		BBAB23CA13894EDB00AA2426 /* 3rd party frameworks */ = {
			isa = PBXGroup;
			children = (
				BBAB23BE13894E4700AA2426 /* GLUT.framework */,
			);
			name = "3rd party frameworks";
			sourceTree = "<group>";
		};
		E4328144138ABC890047C5CB /* Products */ = {
			isa = PBXGroup;
			children = (
				E4328148138ABC890047C5CB /* openFrameworksDebug.a */,
			);
			name = Products;
			sourceTree = "<group>";
		};
		E45BE5980E8CC70C009D7055 /* frameworks */ = {
			isa = PBXGroup;
			children = (
				BBAB23CA13894EDB00AA2426 /* 3rd party frameworks */,
				BBAB23C913894ECA00AA2426 /* system frameworks */,
			);
			name = frameworks;
			sourceTree = "<group>";
		};
		E4B69B4A0A3A1720003C02F2 = {
			isa = PBXGroup;
			children = (
				E4B6FCAD0C3E899E008CF71C /* openFrameworks-Info.plist */,
				E4EB6923138AFD0F00A09F29 /* Project.xcconfig */,
				E4B69E1C0A3A1BDC003C02F2 /* src */,
				E4EEC9E9138DF44700A80321 /* openFrameworks */,
				BB4B014C10F69532006C3DED /* addons */,
				E45BE5980E8CC70C009D7055 /* frameworks */,
				E4B69B5B0A3A1756003C02F2 /* appUtilsExampleDebug.app */,
			);
			sourceTree = "<group>";
		};
		E4B69E1C0A3A1BDC003C02F2 /* src */ = {
			isa = PBXGroup;
			children = (
				E4B69E1D0A3A1BDC003C02F2 /* main.cpp */,
				E4B69E1E0A3A1BDC003C02F2 /* testApp.cpp */,
				E4B69E1F0A3A1BDC003C02F2 /* testApp.h */,
				36bf1c038f5aec4d85473fe413163e83 /* scenes */,
			);
			path = src;
			sourceTree = SOURCE_ROOT;
		};
		E4EEC9E9138DF44700A80321 /* openFrameworks */ = {
			isa = PBXGroup;
			children = (
				E4EB691F138AFCF100A09F29 /* CoreOF.xcconfig */,
				E4328143138ABC890047C5CB /* openFrameworksLib.xcodeproj */,
			);
			name = openFrameworks;
			sourceTree = "<group>";
		};
		f9e6b680913d8757e21c58b5941c7fa0 /* src */ = {
			isa = PBXGroup;
			children = (
				6b7d7ecc5a662345912c93d5d7bfc68e /* guiBaseObject.cpp */,
				9ad86eb22381ac3deea8f304ebd9b5b2 /* guiBaseObject.h */,
				0623a592865192daf866ec80ca011055 /* guiCallback.cpp */,
				e879411e3078dfeba57e2bab6fe00ebc /* guiCallback.h */,
				d51169f112943bb2022a756aaa3cb7e4 /* guiCallbackValue.cpp */,
				785ef65f14138ab610c0595e38a0016a /* guiCallbackValue.h */,
				d859bbb55780da0d9098dbd273a5558a /* guiColor.cpp */,
				6ddf13a4ef64524a9026ef50286b9127 /* guiColor.h */,
				e82e4a22bf45f5cd82f6e180610a6c63 /* guiCustomImpl.h */,
				ab1edbee566b226a8832e19128ad90cd /* guiIncludes.h */,
				9a234a6e775bfc7c47b1e336c269e9d6 /* guiTextBase.cpp */,
				b64fb1a368486a378452239dad924307 /* guiTextBase.h */,
				f740139603d171038c4e1057e0394011 /* guiType2DSlider.cpp */,
				8131428d7458ec1392831f6c7ddeae34 /* guiType2DSlider.h */,
				8f5afda23de220f49ea17cbc7f5b9bb8 /* guiTypeButtonSlider.cpp */,
				4ed7010a59cfbff66dc17a56b3444a1f /* guiTypeButtonSlider.h */,
				3d66885fa7c19b7830ee08edd67006c6 /* guiTypeChartPlotter.cpp */,
				3a18b217ea10ea8e3c7f6508f5b5186d /* guiTypeChartPlotter.h */,
				cfed64139bf049d0e6e85b064f9b17e3 /* guiTypeCustom.cpp */,
				b70d8c165cc65eee349e643f93853e41 /* guiTypeCustom.h */,
				eac15439b87dc40c3609393b8b773852 /* guiTypeDrawable.cpp */,
				815c422e69c6ffeeb97d1b0ad3d5ee55 /* guiTypeDrawable.h */,
				7e8a185410d2b5002305515abd6cb8a1 /* guiTypeFileLister.cpp */,
				29897723d8c99bc3f4c66556d572e651 /* guiTypeFileLister.h */,
				cfc7a1f656c34688d0ea0d0c1c3a4f77 /* guiTypeLabel.cpp */,
				d3ac91d60fbbeb4aa58b19722507214e /* guiTypeLabel.h */,
				589362a07aeb006b1b8be93fca0c021a /* guiTypeLogger.cpp */,
				b3c7247ed359be65b5319a20c435a72b /* guiTypeLogger.h */,
				bf1e9a470f4b02d30b8b1d188bd63663 /* guiTypeMultiToggle.cpp */,
				d11af1710220d1059049eb194f95664f /* guiTypeMultiToggle.h */,
				08549d86f2263bafa64ae5d19077e4e9 /* guiTypePanel.cpp */,
				d4944026cdfd5ced0a8eff8aa139e8a3 /* guiTypePanel.h */,
				5cd68ca8fe136c3be208703b64644d80 /* guiTypeSlider.cpp */,
				edc1b8201077923461fe934ddb8ad83d /* guiTypeSlider.h */,
				25f371915e6771cea7595d51145f19cc /* guiTypeText.cpp */,
				ce0c97e3f012f9fadfb5f2605746f103 /* guiTypeText.h */,
				4f64d7dd70c6b5b1fc395ded45f21650 /* guiTypeTextDropDown.cpp */,
				2d692a0570a93567d01b6d9d82742863 /* guiTypeTextDropDown.h */,
				db609b0a16264158c61c979fbac10a4e /* guiTypeTextInput.cpp */,
				6fcdf1191d78db4e5238ac4679f80383 /* guiTypeTextInput.h */,
				62121ab82e8c23f11bbc56e4abc4727d /* guiTypeToggle.cpp */,
				82741786e8e6961c9b9ea2dff35d4d57 /* guiTypeToggle.h */,
				76ac9361add00e0a97505518e72834fa /* guiTypeVairableLister.cpp */,
				1445907105c17263f76087d0df1a696e /* guiTypeVairableLister.h */,
				c5bb6d7a0c3a9d760bc22bbbe966990f /* guiTypeVideo.cpp */,
				cbd6e9e8b022ab69fe7e454e8d843e39 /* guiTypeVideo.h */,
				9f91d61ed1c9efa6a2acdc47683684d1 /* guiValue.cpp */,
				4bc67dbb14ff67076137af39e582178d /* guiValue.h */,
				0d1ff930b42368e7df128f5cd1ea7466 /* guiVariablePointer.h */,
				1e17b07da944407ec011b0b794da1a9e /* guiXmlValue.h */,
				433f1a9af67f62a5c34f5c8fc2781d43 /* ofxAutoControlPanel.h */,
				ed318057376feda301bd823e84e09b0f /* ofxControlPanel.cpp */,
				6f5e052edc8e42eb2bebfbb2c486ea9f /* ofxControlPanel.h */,
				a8f5d6546b2050363e0433580bf92e20 /* simpleColor.cpp */,
				49ca6f47242293daf5a715a8d69ddebe /* simpleColor.h */,
				bdd9e60039a29dafb013cdbda2b6bd7f /* simpleFileLister.cpp */,
				1d8b9a8480a5b3d82cefff066dafba2e /* simpleFileLister.h */,
				c15bfba225f9d1cf5780bd5e550a6dc1 /* simpleLogger.cpp */,
				7b621bd2f5de1ff903fb7f2c711471bb /* simpleLogger.h */,
			);
			name = src;
			sourceTree = "<group>";
		};
/* End PBXGroup section */

/* Begin PBXNativeTarget section */
		E4B69B5A0A3A1756003C02F2 /* appUtilsExample */ = {
			isa = PBXNativeTarget;
			buildConfigurationList = E4B69B5F0A3A1757003C02F2 /* Build configuration list for PBXNativeTarget "appUtilsExample" */;
			buildPhases = (
				E4B69B580A3A1756003C02F2 /* Sources */,
				E4B69B590A3A1756003C02F2 /* Frameworks */,
				E4B6FFFD0C3F9AB9008CF71C /* ShellScript */,
				E4C2427710CC5ABF004149E2 /* CopyFiles */,
			);
			buildRules = (
			);
			dependencies = (
				E4EEB9AC138B136A00A80321 /* PBXTargetDependency */,
			);
			name = appUtilsExample;
			productName = myOFApp;
			productReference = E4B69B5B0A3A1756003C02F2 /* appUtilsExampleDebug.app */;
			productType = "com.apple.product-type.application";
		};
/* End PBXNativeTarget section */

/* Begin PBXProject section */
		E4B69B4C0A3A1720003C02F2 /* Project object */ = {
			isa = PBXProject;
			buildConfigurationList = E4B69B4D0A3A1720003C02F2 /* Build configuration list for PBXProject "appUtilsExample" */;
			compatibilityVersion = "Xcode 2.4";
			developmentRegion = English;
			hasScannedForEncodings = 0;
			knownRegions = (
				English,
				Japanese,
				French,
				German,
			);
			mainGroup = E4B69B4A0A3A1720003C02F2;
			productRefGroup = E4B69B4A0A3A1720003C02F2;
			projectDirPath = "";
			projectReferences = (
				{
					ProductGroup = E4328144138ABC890047C5CB /* Products */;
					ProjectRef = E4328143138ABC890047C5CB /* openFrameworksLib.xcodeproj */;
				},
			);
			projectRoot = "";
			targets = (
				E4B69B5A0A3A1756003C02F2 /* appUtilsExample */,
			);
		};
/* End PBXProject section */

/* Begin PBXReferenceProxy section */
		E4328148138ABC890047C5CB /* openFrameworksDebug.a */ = {
			isa = PBXReferenceProxy;
			fileType = archive.ar;
			path = openFrameworksDebug.a;
			remoteRef = E4328147138ABC890047C5CB /* PBXContainerItemProxy */;
			sourceTree = BUILT_PRODUCTS_DIR;
		};
/* End PBXReferenceProxy section */

/* Begin PBXShellScriptBuildPhase section */
		E4B6FFFD0C3F9AB9008CF71C /* ShellScript */ = {
			isa = PBXShellScriptBuildPhase;
			buildActionMask = 2147483647;
			files = (
			);
			inputPaths = (
			);
			outputPaths = (
			);
			runOnlyForDeploymentPostprocessing = 0;
			shellPath = /bin/sh;
			shellScript = "cp -f ../../../libs/fmodex/lib/osx/libfmodex.dylib \"$TARGET_BUILD_DIR/$PRODUCT_NAME.app/Contents/MacOS/libfmodex.dylib\"; install_name_tool -change ./libfmodex.dylib @executable_path/libfmodex.dylib \"$TARGET_BUILD_DIR/$PRODUCT_NAME.app/Contents/MacOS/$PRODUCT_NAME\";";
		};
/* End PBXShellScriptBuildPhase section */

/* Begin PBXSourcesBuildPhase section */
		E4B69B580A3A1756003C02F2 /* Sources */ = {
			isa = PBXSourcesBuildPhase;
			buildActionMask = 2147483647;
			files = (
				E4B69E200A3A1BDC003C02F2 /* main.cpp in Sources */,
				E4B69E210A3A1BDC003C02F2 /* testApp.cpp in Sources */,
				e82eba1255fe3ac639fca904fac42b75 /* ofxApp.cpp in Sources */,
				57178b2f9865d0f7a2408d49162c4bb7 /* ofxParticle.cpp in Sources */,
				d8c70db2bc6120d71ebf23dc1d153805 /* ofxQuadWarper.cpp in Sources */,
				7f587e2192aa95c424bf91abd220f151 /* ofxScene.cpp in Sources */,
				eac9f547a30b052d9752d4ccb735cc36 /* ofxSceneManager.cpp in Sources */,
				5f9a42bb0d0e7be2a7f62fdb8d14ab04 /* ofxTransformer.cpp in Sources */,
				cba68ad61765b24c0bfd9886a8523d3f /* guiBaseObject.cpp in Sources */,
				7830622d2831d72613a1d3ce28b57561 /* guiCallback.cpp in Sources */,
				e8a48d51b598b0e8012410d2e2815117 /* guiCallbackValue.cpp in Sources */,
				62884d3fce003c390f94ab7d10c8ebbd /* guiColor.cpp in Sources */,
				5fd445ed4a5bb42065a63ec587255c59 /* guiTextBase.cpp in Sources */,
				c6a9ec27e2608c434bca1db9670983ad /* guiType2DSlider.cpp in Sources */,
				0d98e43ab0144630ef2206b3f3fdd8ad /* guiTypeButtonSlider.cpp in Sources */,
				314d78311d80062369e1827b37eb323a /* guiTypeChartPlotter.cpp in Sources */,
				495a92a35ac1d16e07ca45c7895ac059 /* guiTypeCustom.cpp in Sources */,
				41d65a061e305afd52e53551477eff71 /* guiTypeDrawable.cpp in Sources */,
				da78a8ae11597b5e43dfe903bdabcbcd /* guiTypeFileLister.cpp in Sources */,
				5ab5747e5ef615d728fe9c6770d36338 /* guiTypeLabel.cpp in Sources */,
				eda6787f2e8def6246cf24d36747a7f3 /* guiTypeLogger.cpp in Sources */,
				cbe57d7c657c0b7fd01028646410940e /* guiTypeMultiToggle.cpp in Sources */,
				9d97fdf450cc66e11f05e2794f9b9cc8 /* guiTypePanel.cpp in Sources */,
				4a71e37d7f36f23aa123eb0b7298fbd7 /* guiTypeSlider.cpp in Sources */,
				9b36fec1f9a02af09246572b4e0e915e /* guiTypeText.cpp in Sources */,
				2b11014060cfa00ea494fbc6fbb71886 /* guiTypeTextDropDown.cpp in Sources */,
				8c3ba55a2996325bb57889a37b609e11 /* guiTypeTextInput.cpp in Sources */,
				849341dbc7a5374c26ac05244b29bc9e /* guiTypeToggle.cpp in Sources */,
				871af250136390c0a8f657da3eb6dcc9 /* guiTypeVairableLister.cpp in Sources */,
				dbf52d494f6e2499e17acbf8785cfb84 /* guiTypeVideo.cpp in Sources */,
				41bcf7021939202f70e232a1937a7536 /* guiValue.cpp in Sources */,
				e8999cbb9c2c6f093a5bd013c99eaebb /* ofxControlPanel.cpp in Sources */,
				8a230fb96662fb1ab1611b8abe9f6648 /* simpleColor.cpp in Sources */,
				9fef7afad4ddffd2a55aa54a1c323431 /* simpleFileLister.cpp in Sources */,
				d41b30cf66da734f99a45d5e96d168e4 /* simpleLogger.cpp in Sources */,
				63b57ac5bf4ef088491e0317dbb2ecaa /* ofxXmlSettings.cpp in Sources */,
				933a2227713c720ceff80fd967d0a8ee /* tinyxml.cpp in Sources */,
				9d44dc88ef9e7991b4a09951e2e4769f /* tinyxmlerror.cpp in Sources */,
				5a4349e9754d6fa14c0f2a3a1abc30b6 /* tinyxmlparser.cpp in Sources */,
			);
			runOnlyForDeploymentPostprocessing = 0;
		};
/* End PBXSourcesBuildPhase section */

/* Begin PBXTargetDependency section */
		E4EEB9AC138B136A00A80321 /* PBXTargetDependency */ = {
			isa = PBXTargetDependency;
			name = openFrameworks;
			targetProxy = E4EEB9AB138B136A00A80321 /* PBXContainerItemProxy */;
		};
/* End PBXTargetDependency section */

/* Begin XCBuildConfiguration section */
		E4B69B4E0A3A1720003C02F2 /* Debug */ = {
			isa = XCBuildConfiguration;
			baseConfigurationReference = E4EB6923138AFD0F00A09F29 /* Project.xcconfig */;
			buildSettings = {
				ARCHS = "$(NATIVE_ARCH)";
				CONFIGURATION_BUILD_DIR = "$(SRCROOT)/bin/";
				COPY_PHASE_STRIP = NO;
				DEAD_CODE_STRIPPING = YES;
				GCC_AUTO_VECTORIZATION = YES;
				GCC_ENABLE_SSE3_EXTENSIONS = YES;
				GCC_ENABLE_SUPPLEMENTAL_SSE3_INSTRUCTIONS = YES;
				GCC_INLINES_ARE_PRIVATE_EXTERN = NO;
				GCC_OPTIMIZATION_LEVEL = 0;
				GCC_SYMBOLS_PRIVATE_EXTERN = NO;
				GCC_WARN_ABOUT_DEPRECATED_FUNCTIONS = YES;
				GCC_WARN_ABOUT_INVALID_OFFSETOF_MACRO = NO;
				GCC_WARN_ALLOW_INCOMPLETE_PROTOCOL = NO;
				GCC_WARN_UNINITIALIZED_AUTOS = NO;
				GCC_WARN_UNUSED_VALUE = NO;
				GCC_WARN_UNUSED_VARIABLE = NO;
				HEADER_SEARCH_PATHS = (
					"$(OF_CORE_HEADERS)",
					src,
					src/scenes,
					../../../addons/ofxAppUtils/libs,
					../../../addons/ofxAppUtils/src,
					../../../addons/ofxControlPanel/libs,
					../../../addons/ofxControlPanel/src,
					../../../addons/ofxXmlSettings/libs,
					../../../addons/ofxXmlSettings/src,
				);
				OTHER_CPLUSPLUSFLAGS = (
					"-D__MACOSX_CORE__",
					"-lpthread",
					"-mtune=native",
				);
			};
			name = Debug;
		};
		E4B69B4F0A3A1720003C02F2 /* Release */ = {
			isa = XCBuildConfiguration;
			baseConfigurationReference = E4EB6923138AFD0F00A09F29 /* Project.xcconfig */;
			buildSettings = {
				ARCHS = "$(NATIVE_ARCH)";
				CONFIGURATION_BUILD_DIR = "$(SRCROOT)/bin/";
				COPY_PHASE_STRIP = YES;
				DEAD_CODE_STRIPPING = YES;
				GCC_AUTO_VECTORIZATION = YES;
				GCC_ENABLE_SSE3_EXTENSIONS = YES;
				GCC_ENABLE_SUPPLEMENTAL_SSE3_INSTRUCTIONS = YES;
				GCC_INLINES_ARE_PRIVATE_EXTERN = NO;
				GCC_OPTIMIZATION_LEVEL = 3;
				GCC_SYMBOLS_PRIVATE_EXTERN = NO;
				GCC_UNROLL_LOOPS = YES;
				GCC_WARN_ABOUT_DEPRECATED_FUNCTIONS = YES;
				GCC_WARN_ABOUT_INVALID_OFFSETOF_MACRO = NO;
				GCC_WARN_ALLOW_INCOMPLETE_PROTOCOL = NO;
				GCC_WARN_UNINITIALIZED_AUTOS = NO;
				GCC_WARN_UNUSED_VALUE = NO;
				GCC_WARN_UNUSED_VARIABLE = NO;
				HEADER_SEARCH_PATHS = (
					"$(OF_CORE_HEADERS)",
					src,
					src/scenes,
					../../../addons/ofxAppUtils/libs,
					../../../addons/ofxAppUtils/src,
					../../../addons/ofxControlPanel/libs,
					../../../addons/ofxControlPanel/src,
					../../../addons/ofxXmlSettings/libs,
					../../../addons/ofxXmlSettings/src,
				);
				OTHER_CPLUSPLUSFLAGS = (
					"-D__MACOSX_CORE__",
					"-lpthread",
					"-mtune=native",
				);
			};
			name = Release;
		};
		E4B69B600A3A1757003C02F2 /* Debug */ = {
			isa = XCBuildConfiguration;
			buildSettings = {
				COPY_PHASE_STRIP = NO;
				FRAMEWORK_SEARCH_PATHS = (
					"$(inherited)",
					"$(FRAMEWORK_SEARCH_PATHS_QUOTED_FOR_TARGET_1)",
				);
				FRAMEWORK_SEARCH_PATHS_QUOTED_FOR_TARGET_1 = "\"$(SRCROOT)/../../../libs/glut/lib/osx\"";
				GCC_DYNAMIC_NO_PIC = NO;
				GCC_ENABLE_FIX_AND_CONTINUE = YES;
				GCC_GENERATE_DEBUGGING_SYMBOLS = YES;
				GCC_MODEL_TUNING = NONE;
				GCC_PRECOMPILE_PREFIX_HEADER = YES;
				GCC_PREFIX_HEADER = "$(SYSTEM_LIBRARY_DIR)/Frameworks/Carbon.framework/Headers/Carbon.h";
				INFOPLIST_FILE = "openFrameworks-Info.plist";
				INSTALL_PATH = "$(HOME)/Applications";
				LIBRARY_SEARCH_PATHS = (
					"$(inherited)",
					"$(LIBRARY_SEARCH_PATHS_QUOTED_FOR_TARGET_1)",
					"$(LIBRARY_SEARCH_PATHS_QUOTED_FOR_TARGET_2)",
					"$(LIBRARY_SEARCH_PATHS_QUOTED_FOR_TARGET_3)",
					"$(LIBRARY_SEARCH_PATHS_QUOTED_FOR_TARGET_4)",
					"$(LIBRARY_SEARCH_PATHS_QUOTED_FOR_TARGET_5)",
					"$(LIBRARY_SEARCH_PATHS_QUOTED_FOR_TARGET_6)",
					"$(LIBRARY_SEARCH_PATHS_QUOTED_FOR_TARGET_7)",
					"$(LIBRARY_SEARCH_PATHS_QUOTED_FOR_TARGET_8)",
					"$(LIBRARY_SEARCH_PATHS_QUOTED_FOR_TARGET_9)",
					"$(LIBRARY_SEARCH_PATHS_QUOTED_FOR_TARGET_10)",
					"$(LIBRARY_SEARCH_PATHS_QUOTED_FOR_TARGET_11)",
					"$(LIBRARY_SEARCH_PATHS_QUOTED_FOR_TARGET_12)",
					"$(LIBRARY_SEARCH_PATHS_QUOTED_FOR_TARGET_13)",
					"$(LIBRARY_SEARCH_PATHS_QUOTED_FOR_TARGET_14)",
					"$(LIBRARY_SEARCH_PATHS_QUOTED_FOR_TARGET_15)",
					"$(LIBRARY_SEARCH_PATHS_QUOTED_FOR_TARGET_2)",
					"$(LIBRARY_SEARCH_PATHS_QUOTED_FOR_TARGET_3)",
					"$(LIBRARY_SEARCH_PATHS_QUOTED_FOR_TARGET_7)",
					"$(LIBRARY_SEARCH_PATHS_QUOTED_FOR_TARGET_8)",
					"$(LIBRARY_SEARCH_PATHS_QUOTED_FOR_TARGET_9)",
					"$(LIBRARY_SEARCH_PATHS_QUOTED_FOR_TARGET_10)",
					"$(LIBRARY_SEARCH_PATHS_QUOTED_FOR_TARGET_11)",
					"$(LIBRARY_SEARCH_PATHS_QUOTED_FOR_TARGET_12)",
					"$(LIBRARY_SEARCH_PATHS_QUOTED_FOR_TARGET_13)",
					"$(LIBRARY_SEARCH_PATHS_QUOTED_FOR_TARGET_16)",
					"$(LIBRARY_SEARCH_PATHS_QUOTED_FOR_TARGET_17)",
					"$(LIBRARY_SEARCH_PATHS_QUOTED_FOR_TARGET_18)",
					"$(LIBRARY_SEARCH_PATHS_QUOTED_FOR_TARGET_19)",
					"$(LIBRARY_SEARCH_PATHS_QUOTED_FOR_TARGET_20)",
					"$(LIBRARY_SEARCH_PATHS_QUOTED_FOR_TARGET_21)",
					"$(LIBRARY_SEARCH_PATHS_QUOTED_FOR_TARGET_22)",
					"$(LIBRARY_SEARCH_PATHS_QUOTED_FOR_TARGET_23)",
					"$(LIBRARY_SEARCH_PATHS_QUOTED_FOR_TARGET_24)",
					"$(LIBRARY_SEARCH_PATHS_QUOTED_FOR_TARGET_25)",
					"$(LIBRARY_SEARCH_PATHS_QUOTED_FOR_TARGET_26)",
					"$(LIBRARY_SEARCH_PATHS_QUOTED_FOR_TARGET_27)",
					"$(LIBRARY_SEARCH_PATHS_QUOTED_FOR_TARGET_28)",
					"$(LIBRARY_SEARCH_PATHS_QUOTED_FOR_TARGET_29)",
					"$(LIBRARY_SEARCH_PATHS_QUOTED_FOR_TARGET_30)",
					"$(LIBRARY_SEARCH_PATHS_QUOTED_FOR_TARGET_31)",
					"$(LIBRARY_SEARCH_PATHS_QUOTED_FOR_TARGET_32)",
					"$(LIBRARY_SEARCH_PATHS_QUOTED_FOR_TARGET_33)",
					"$(LIBRARY_SEARCH_PATHS_QUOTED_FOR_TARGET_34)",
					"$(LIBRARY_SEARCH_PATHS_QUOTED_FOR_TARGET_35)",
					"$(LIBRARY_SEARCH_PATHS_QUOTED_FOR_TARGET_36)",
					"$(LIBRARY_SEARCH_PATHS_QUOTED_FOR_TARGET_37)",
					"$(LIBRARY_SEARCH_PATHS_QUOTED_FOR_TARGET_38)",
					"$(LIBRARY_SEARCH_PATHS_QUOTED_FOR_TARGET_39)",
					"$(LIBRARY_SEARCH_PATHS_QUOTED_FOR_TARGET_40)",
					"$(LIBRARY_SEARCH_PATHS_QUOTED_FOR_TARGET_41)",
					"$(LIBRARY_SEARCH_PATHS_QUOTED_FOR_TARGET_42)",
					"$(LIBRARY_SEARCH_PATHS_QUOTED_FOR_TARGET_43)",
					"$(LIBRARY_SEARCH_PATHS_QUOTED_FOR_TARGET_44)",
					"$(LIBRARY_SEARCH_PATHS_QUOTED_FOR_TARGET_45)",
					"$(LIBRARY_SEARCH_PATHS_QUOTED_FOR_TARGET_46)",
					"$(LIBRARY_SEARCH_PATHS_QUOTED_FOR_TARGET_47)",
					"$(LIBRARY_SEARCH_PATHS_QUOTED_FOR_TARGET_48)",
					"$(LIBRARY_SEARCH_PATHS_QUOTED_FOR_TARGET_49)",
					"$(LIBRARY_SEARCH_PATHS_QUOTED_FOR_TARGET_50)",
					"$(LIBRARY_SEARCH_PATHS_QUOTED_FOR_TARGET_51)",
					"$(LIBRARY_SEARCH_PATHS_QUOTED_FOR_TARGET_52)",
				);
				PREBINDING = NO;
				PRODUCT_NAME = "$(TARGET_NAME)Debug";
				WRAPPER_EXTENSION = app;
			};
			name = Debug;
		};
		E4B69B610A3A1757003C02F2 /* Release */ = {
			isa = XCBuildConfiguration;
			buildSettings = {
				COPY_PHASE_STRIP = YES;
				FRAMEWORK_SEARCH_PATHS = (
					"$(inherited)",
					"$(FRAMEWORK_SEARCH_PATHS_QUOTED_FOR_TARGET_1)",
				);
				FRAMEWORK_SEARCH_PATHS_QUOTED_FOR_TARGET_1 = "\"$(SRCROOT)/../../../libs/glut/lib/osx\"";
				GCC_ENABLE_FIX_AND_CONTINUE = NO;
				GCC_GENERATE_DEBUGGING_SYMBOLS = YES;
				GCC_MODEL_TUNING = NONE;
				GCC_PRECOMPILE_PREFIX_HEADER = YES;
				GCC_PREFIX_HEADER = "$(SYSTEM_LIBRARY_DIR)/Frameworks/Carbon.framework/Headers/Carbon.h";
				INFOPLIST_FILE = "openFrameworks-Info.plist";
				INSTALL_PATH = "$(HOME)/Applications";
				LIBRARY_SEARCH_PATHS = (
					"$(inherited)",
					"$(LIBRARY_SEARCH_PATHS_QUOTED_FOR_TARGET_1)",
					"$(LIBRARY_SEARCH_PATHS_QUOTED_FOR_TARGET_2)",
					"$(LIBRARY_SEARCH_PATHS_QUOTED_FOR_TARGET_3)",
					"$(LIBRARY_SEARCH_PATHS_QUOTED_FOR_TARGET_4)",
					"$(LIBRARY_SEARCH_PATHS_QUOTED_FOR_TARGET_5)",
					"$(LIBRARY_SEARCH_PATHS_QUOTED_FOR_TARGET_6)",
					"$(LIBRARY_SEARCH_PATHS_QUOTED_FOR_TARGET_7)",
					"$(LIBRARY_SEARCH_PATHS_QUOTED_FOR_TARGET_8)",
					"$(LIBRARY_SEARCH_PATHS_QUOTED_FOR_TARGET_9)",
					"$(LIBRARY_SEARCH_PATHS_QUOTED_FOR_TARGET_10)",
					"$(LIBRARY_SEARCH_PATHS_QUOTED_FOR_TARGET_11)",
					"$(LIBRARY_SEARCH_PATHS_QUOTED_FOR_TARGET_12)",
					"$(LIBRARY_SEARCH_PATHS_QUOTED_FOR_TARGET_13)",
					"$(LIBRARY_SEARCH_PATHS_QUOTED_FOR_TARGET_14)",
					"$(LIBRARY_SEARCH_PATHS_QUOTED_FOR_TARGET_15)",
					"$(LIBRARY_SEARCH_PATHS_QUOTED_FOR_TARGET_2)",
					"$(LIBRARY_SEARCH_PATHS_QUOTED_1)",
					"$(LIBRARY_SEARCH_PATHS_QUOTED_FOR_TARGET_3)",
					"$(LIBRARY_SEARCH_PATHS_QUOTED_FOR_TARGET_7)",
					"$(LIBRARY_SEARCH_PATHS_QUOTED_FOR_TARGET_8)",
					"$(LIBRARY_SEARCH_PATHS_QUOTED_FOR_TARGET_9)",
					"$(LIBRARY_SEARCH_PATHS_QUOTED_FOR_TARGET_10)",
					"$(LIBRARY_SEARCH_PATHS_QUOTED_FOR_TARGET_11)",
					"$(LIBRARY_SEARCH_PATHS_QUOTED_FOR_TARGET_12)",
					"$(LIBRARY_SEARCH_PATHS_QUOTED_FOR_TARGET_13)",
					"$(LIBRARY_SEARCH_PATHS_QUOTED_FOR_TARGET_16)",
					"$(LIBRARY_SEARCH_PATHS_QUOTED_FOR_TARGET_17)",
					"$(LIBRARY_SEARCH_PATHS_QUOTED_FOR_TARGET_18)",
					"$(LIBRARY_SEARCH_PATHS_QUOTED_FOR_TARGET_19)",
					"$(LIBRARY_SEARCH_PATHS_QUOTED_FOR_TARGET_20)",
					"$(LIBRARY_SEARCH_PATHS_QUOTED_FOR_TARGET_21)",
					"$(LIBRARY_SEARCH_PATHS_QUOTED_FOR_TARGET_22)",
					"$(LIBRARY_SEARCH_PATHS_QUOTED_FOR_TARGET_23)",
					"$(LIBRARY_SEARCH_PATHS_QUOTED_FOR_TARGET_24)",
					"$(LIBRARY_SEARCH_PATHS_QUOTED_FOR_TARGET_25)",
					"$(LIBRARY_SEARCH_PATHS_QUOTED_FOR_TARGET_26)",
					"$(LIBRARY_SEARCH_PATHS_QUOTED_FOR_TARGET_27)",
					"$(LIBRARY_SEARCH_PATHS_QUOTED_FOR_TARGET_28)",
					"$(LIBRARY_SEARCH_PATHS_QUOTED_FOR_TARGET_29)",
					"$(LIBRARY_SEARCH_PATHS_QUOTED_FOR_TARGET_30)",
					"$(LIBRARY_SEARCH_PATHS_QUOTED_FOR_TARGET_31)",
					"$(LIBRARY_SEARCH_PATHS_QUOTED_FOR_TARGET_32)",
					"$(LIBRARY_SEARCH_PATHS_QUOTED_FOR_TARGET_33)",
					"$(LIBRARY_SEARCH_PATHS_QUOTED_FOR_TARGET_34)",
					"$(LIBRARY_SEARCH_PATHS_QUOTED_FOR_TARGET_35)",
					"$(LIBRARY_SEARCH_PATHS_QUOTED_FOR_TARGET_36)",
					"$(LIBRARY_SEARCH_PATHS_QUOTED_FOR_TARGET_37)",
					"$(LIBRARY_SEARCH_PATHS_QUOTED_FOR_TARGET_38)",
					"$(LIBRARY_SEARCH_PATHS_QUOTED_FOR_TARGET_39)",
					"$(LIBRARY_SEARCH_PATHS_QUOTED_FOR_TARGET_40)",
					"$(LIBRARY_SEARCH_PATHS_QUOTED_FOR_TARGET_41)",
					"$(LIBRARY_SEARCH_PATHS_QUOTED_FOR_TARGET_42)",
					"$(LIBRARY_SEARCH_PATHS_QUOTED_FOR_TARGET_43)",
					"$(LIBRARY_SEARCH_PATHS_QUOTED_FOR_TARGET_44)",
					"$(LIBRARY_SEARCH_PATHS_QUOTED_FOR_TARGET_45)",
					"$(LIBRARY_SEARCH_PATHS_QUOTED_FOR_TARGET_46)",
					"$(LIBRARY_SEARCH_PATHS_QUOTED_FOR_TARGET_47)",
					"$(LIBRARY_SEARCH_PATHS_QUOTED_FOR_TARGET_48)",
					"$(LIBRARY_SEARCH_PATHS_QUOTED_FOR_TARGET_49)",
					"$(LIBRARY_SEARCH_PATHS_QUOTED_FOR_TARGET_50)",
					"$(LIBRARY_SEARCH_PATHS_QUOTED_FOR_TARGET_51)",
				);
				PREBINDING = NO;
				PRODUCT_NAME = "$(TARGET_NAME)";
				WRAPPER_EXTENSION = app;
			};
			name = Release;
		};
/* End XCBuildConfiguration section */

/* Begin XCConfigurationList section */
		E4B69B4D0A3A1720003C02F2 /* Build configuration list for PBXProject "appUtilsExample" */ = {
			isa = XCConfigurationList;
			buildConfigurations = (
				E4B69B4E0A3A1720003C02F2 /* Debug */,
				E4B69B4F0A3A1720003C02F2 /* Release */,
			);
			defaultConfigurationIsVisible = 0;
			defaultConfigurationName = Release;
		};
		E4B69B5F0A3A1757003C02F2 /* Build configuration list for PBXNativeTarget "appUtilsExample" */ = {
			isa = XCConfigurationList;
			buildConfigurations = (
				E4B69B600A3A1757003C02F2 /* Debug */,
				E4B69B610A3A1757003C02F2 /* Release */,
			);
			defaultConfigurationIsVisible = 0;
			defaultConfigurationName = Release;
		};
/* End XCConfigurationList section */
	};
	rootObject = E4B69B4C0A3A1720003C02F2 /* Project object */;
}
