<?xml version="1.0" encoding="UTF-8" standalone="yes" ?>
<CodeBlocks_project_file>
	<FileVersion major="1" minor="6" />
	<Project>
		<Option title="appUtilsExample" />
		<Option makefile="makefile" />
		<Option pch_mode="2" />
		<Option compiler="gcc" />
		<Option virtualFolders="addons\;src\;addons\ofxControlPanel\src\;addons\ofxAppUtils\src\;addons\ofxXmlSettings\src\;src\scenes\;addons\ofxXmlSettings\libs\;" />
		<Build>
			<Target title="release">
				<Option output="bin/$(PROJECT_NAME)" prefix_auto="1" extension_auto="1" />
				<Option working_dir="bin" />
				<Option object_output="obj/Release" />
				<Option external_deps="../../../libs/openFrameworksCompiled/lib/win_cb/openFrameworks.lib;" />
				<Option type="1" />
				<Option compiler="gcc" />
				<Option projectLinkerOptionsRelation="2" />
				<Compiler>
					<Add option="-O2" />
				</Compiler>
				<Linker>
					<Add option="-s" />
					<Add option="../../../libs/openFrameworksCompiled/lib/win_cb/openFrameworks.lib" />
				</Linker>
			</Target>
			<Target title="debug">
				<Option output="bin/$(PROJECT_NAME)_DEBUG" prefix_auto="1" extension_auto="1" />
				<Option working_dir="bin" />
				<Option object_output="obj/Debug/" />
				<Option external_deps="../../../libs/openFrameworksCompiled/lib/win_cb/openFrameworksDebug.lib;" />
				<Option type="1" />
				<Option compiler="gcc" />
				<Option projectLinkerOptionsRelation="2" />
				<Compiler>
					<Add option="-g" />
				</Compiler>
				<Linker>
					<Add option="../../../libs/openFrameworksCompiled/lib/win_cb/openFrameworksDebug.lib" />
				</Linker>
			</Target>
		</Build>
		<Compiler>
			<Add option="-Wno-multichar" />
			<Add option="-DOFX_APP_UTILS_USE_CONTROL_PANEL" />
			<Add directory="../../../libs/glu/include" />
			<Add directory="../../../libs/freetype/include" />
			<Add directory="../../../libs/freetype/include/freetype2" />
			<Add directory="../../../libs/FreeImage/include" />
			<Add directory="../../../libs/quicktime/include" />
			<Add directory="../../../libs/rtAudio/include" />
			<Add directory="../../../libs/fmodex/include" />
			<Add directory="../../../libs/videoInput/include" />
			<Add directory="../../../libs/glew/include" />
			<Add directory="../../../libs/glut/include" />
			<Add directory="../../../libs/openFrameworks" />
			<Add directory="../../../libs/openFrameworks/3d" />
			<Add directory="../../../libs/openFrameworks/app" />
			<Add directory="../../../libs/openFrameworks/communication" />
			<Add directory="../../../libs/openFrameworks/events" />
			<Add directory="../../../libs/openFrameworks/gl" />
			<Add directory="../../../libs/openFrameworks/graphics" />
			<Add directory="../../../libs/openFrameworks/math" />
			<Add directory="../../../libs/openFrameworks/sound" />
			<Add directory="../../../libs/openFrameworks/types" />
			<Add directory="../../../libs/openFrameworks/utils" />
			<Add directory="../../../libs/openFrameworks/video" />
			<Add directory="../../../libs/poco/include" />
			<Add directory="../../../libs/tess2/include" />
			<Add directory="../../../libs/cairo/include/cairo" />
			<Add directory="src" />
			<Add directory="src/scenes" />
			<Add directory="../../../addons/ofxAppUtils/libs" />
			<Add directory="../../../addons/ofxAppUtils/src" />
			<Add directory="../../../addons/ofxControlPanel/libs" />
			<Add directory="../../../addons/ofxControlPanel/src" />
			<Add directory="../../../addons/ofxXmlSettings/libs" />
			<Add directory="../../../addons/ofxXmlSettings/src" />
			<Add directory="../../../addons/ofxXmlSettings/libs/tinyxml" />
			<Add directory="../../../addons/ofxXmlSettings/libs/tinyxml/src" />
		</Compiler>
		<Linker>
			<Add library="..\..\..\libs\FreeImage\lib\win_cb\FreeImage.lib" />
			<Add library="..\..\..\libs\rtAudio\lib\win_cb\librtaudio.a" />
			<Add library="..\..\..\libs\quicktime\lib\win_cb\qtmlClient.lib" />
			<Add library="..\..\..\libs\cairo\lib\win_cb\libcairo.a" />
			<Add library="..\..\..\libs\cairo\lib\win_cb\libpixman-1.a" />
			<Add library="..\..\..\libs\freetype\lib\win_cb\libfreetype.a" />
			<Add library="..\..\..\libs\glut\lib\win_cb\libglut.a" />
			<Add library="..\..\..\libs\glfw\lib\win_cb\libglfw3.a" />
			<Add library="..\..\..\libs\videoInput\lib\win_cb\videoInputLib.a" />
			<Add library="..\..\..\libs\fmodex\lib\win_cb\libfmodex.a" />
			<Add library="..\..\..\libs\glew\lib\win_cb\glew32s.lib" />
			<Add library="..\..\..\libs\glu\lib\win_cb\glu32.lib" />
			<Add library="..\..\..\libs\poco\lib\win_cb\libPocoNetSSL.a" />
			<Add library="..\..\..\libs\poco\lib\win_cb\libPocoCrypto.a" />
			<Add library="..\..\..\libs\poco\lib\win_cb\libPocoNet.a" />
			<Add library="..\..\..\libs\poco\lib\win_cb\libPocoUtil.a" />
			<Add library="..\..\..\libs\poco\lib\win_cb\libPocoXML.a" />
			<Add library="..\..\..\libs\poco\lib\win_cb\libPocoFoundation.a" />
			<Add library="..\..\..\libs\openssl\lib\win_cb\libssl.a" />
			<Add library="..\..\..\libs\openssl\lib\win_cb\libcrypto.a" />
			<Add library="..\..\..\libs\tess2\lib\win_cb\libtess2.a" />
			<Add library="opengl32" />
			<Add library="gdi32" />
			<Add library="msimg32" />
			<Add library="glu32" />
			<Add library="dsound" />
			<Add library="winmm" />
			<Add library="dxguid" />
			<Add library="strmbase" />
			<Add library="strmiids" />
			<Add library="z" />
			<Add library="uuid" />
			<Add library="ole32" />
			<Add library="oleaut32" />
			<Add library="setupapi" />
			<Add library="wsock32" />
			<Add library="ws2_32" />
			<Add library="Iphlpapi" />
			<Add library="Comdlg32" />
		</Linker>
		<ExtraCommands>
			<Add after='xcopy /e /i /y &quot;$(PROJECT_DIR)..\..\..\export\win_cb\*.dll&quot;  &quot;$(PROJECT_DIR)bin&quot;' />
			<Add after='cmd /c if not exist &quot;$(PROJECT_DIR)bin/data&quot; mkdir &quot;$(PROJECT_DIR)bin/data&quot;' />
			<Mode after="always" />
		</ExtraCommands>
		<Unit filename="../../ofxControlPanel/src/guiBaseObject.cpp">
			<Option virtualFolder="addons/ofxControlPanel/src" />
		</Unit>
		<Unit filename="../../ofxControlPanel/src/guiBaseObject.h">
			<Option virtualFolder="addons/ofxControlPanel/src" />
		</Unit>
		<Unit filename="../../ofxControlPanel/src/guiCallback.cpp">
			<Option virtualFolder="addons/ofxControlPanel/src" />
		</Unit>
		<Unit filename="../../ofxControlPanel/src/guiCallback.h">
			<Option virtualFolder="addons/ofxControlPanel/src" />
		</Unit>
		<Unit filename="../../ofxControlPanel/src/guiCallbackValue.cpp">
			<Option virtualFolder="addons/ofxControlPanel/src" />
		</Unit>
		<Unit filename="../../ofxControlPanel/src/guiCallbackValue.h">
			<Option virtualFolder="addons/ofxControlPanel/src" />
		</Unit>
		<Unit filename="../../ofxControlPanel/src/guiColor.cpp">
			<Option virtualFolder="addons/ofxControlPanel/src" />
		</Unit>
		<Unit filename="../../ofxControlPanel/src/guiColor.h">
			<Option virtualFolder="addons/ofxControlPanel/src" />
		</Unit>
		<Unit filename="../../ofxControlPanel/src/guiCustomImpl.h">
			<Option virtualFolder="addons/ofxControlPanel/src" />
		</Unit>
		<Unit filename="../../ofxControlPanel/src/guiIncludes.h">
			<Option virtualFolder="addons/ofxControlPanel/src" />
		</Unit>
		<Unit filename="../../ofxControlPanel/src/guiTextBase.cpp">
			<Option virtualFolder="addons/ofxControlPanel/src" />
		</Unit>
		<Unit filename="../../ofxControlPanel/src/guiTextBase.h">
			<Option virtualFolder="addons/ofxControlPanel/src" />
		</Unit>
		<Unit filename="../../ofxControlPanel/src/guiType2DSlider.cpp">
			<Option virtualFolder="addons/ofxControlPanel/src" />
		</Unit>
		<Unit filename="../../ofxControlPanel/src/guiType2DSlider.h">
			<Option virtualFolder="addons/ofxControlPanel/src" />
		</Unit>
		<Unit filename="../../ofxControlPanel/src/guiTypeButtonSlider.cpp">
			<Option virtualFolder="addons/ofxControlPanel/src" />
		</Unit>
		<Unit filename="../../ofxControlPanel/src/guiTypeButtonSlider.h">
			<Option virtualFolder="addons/ofxControlPanel/src" />
		</Unit>
		<Unit filename="../../ofxControlPanel/src/guiTypeChartPlotter.cpp">
			<Option virtualFolder="addons/ofxControlPanel/src" />
		</Unit>
		<Unit filename="../../ofxControlPanel/src/guiTypeChartPlotter.h">
			<Option virtualFolder="addons/ofxControlPanel/src" />
		</Unit>
		<Unit filename="../../ofxControlPanel/src/guiTypeCustom.cpp">
			<Option virtualFolder="addons/ofxControlPanel/src" />
		</Unit>
		<Unit filename="../../ofxControlPanel/src/guiTypeCustom.h">
			<Option virtualFolder="addons/ofxControlPanel/src" />
		</Unit>
		<Unit filename="../../ofxControlPanel/src/guiTypeDrawable.cpp">
			<Option virtualFolder="addons/ofxControlPanel/src" />
		</Unit>
		<Unit filename="../../ofxControlPanel/src/guiTypeDrawable.h">
			<Option virtualFolder="addons/ofxControlPanel/src" />
		</Unit>
		<Unit filename="../../ofxControlPanel/src/guiTypeFileLister.cpp">
			<Option virtualFolder="addons/ofxControlPanel/src" />
		</Unit>
		<Unit filename="../../ofxControlPanel/src/guiTypeFileLister.h">
			<Option virtualFolder="addons/ofxControlPanel/src" />
		</Unit>
		<Unit filename="../../ofxControlPanel/src/guiTypeLabel.cpp">
			<Option virtualFolder="addons/ofxControlPanel/src" />
		</Unit>
		<Unit filename="../../ofxControlPanel/src/guiTypeLabel.h">
			<Option virtualFolder="addons/ofxControlPanel/src" />
		</Unit>
		<Unit filename="../../ofxControlPanel/src/guiTypeLogger.cpp">
			<Option virtualFolder="addons/ofxControlPanel/src" />
		</Unit>
		<Unit filename="../../ofxControlPanel/src/guiTypeLogger.h">
			<Option virtualFolder="addons/ofxControlPanel/src" />
		</Unit>
		<Unit filename="../../ofxControlPanel/src/guiTypeMultiToggle.cpp">
			<Option virtualFolder="addons/ofxControlPanel/src" />
		</Unit>
		<Unit filename="../../ofxControlPanel/src/guiTypeMultiToggle.h">
			<Option virtualFolder="addons/ofxControlPanel/src" />
		</Unit>
		<Unit filename="../../ofxControlPanel/src/guiTypePanel.cpp">
			<Option virtualFolder="addons/ofxControlPanel/src" />
		</Unit>
		<Unit filename="../../ofxControlPanel/src/guiTypePanel.h">
			<Option virtualFolder="addons/ofxControlPanel/src" />
		</Unit>
		<Unit filename="../../ofxControlPanel/src/guiTypeSlider.cpp">
			<Option virtualFolder="addons/ofxControlPanel/src" />
		</Unit>
		<Unit filename="../../ofxControlPanel/src/guiTypeSlider.h">
			<Option virtualFolder="addons/ofxControlPanel/src" />
		</Unit>
		<Unit filename="../../ofxControlPanel/src/guiTypeText.cpp">
			<Option virtualFolder="addons/ofxControlPanel/src" />
		</Unit>
		<Unit filename="../../ofxControlPanel/src/guiTypeText.h">
			<Option virtualFolder="addons/ofxControlPanel/src" />
		</Unit>
		<Unit filename="../../ofxControlPanel/src/guiTypeTextDropDown.cpp">
			<Option virtualFolder="addons/ofxControlPanel/src" />
		</Unit>
		<Unit filename="../../ofxControlPanel/src/guiTypeTextDropDown.h">
			<Option virtualFolder="addons/ofxControlPanel/src" />
		</Unit>
		<Unit filename="../../ofxControlPanel/src/guiTypeTextInput.cpp">
			<Option virtualFolder="addons/ofxControlPanel/src" />
		</Unit>
		<Unit filename="../../ofxControlPanel/src/guiTypeTextInput.h">
			<Option virtualFolder="addons/ofxControlPanel/src" />
		</Unit>
		<Unit filename="../../ofxControlPanel/src/guiTypeToggle.cpp">
			<Option virtualFolder="addons/ofxControlPanel/src" />
		</Unit>
		<Unit filename="../../ofxControlPanel/src/guiTypeToggle.h">
			<Option virtualFolder="addons/ofxControlPanel/src" />
		</Unit>
		<Unit filename="../../ofxControlPanel/src/guiTypeVairableLister.cpp">
			<Option virtualFolder="addons/ofxControlPanel/src" />
		</Unit>
		<Unit filename="../../ofxControlPanel/src/guiTypeVairableLister.h">
			<Option virtualFolder="addons/ofxControlPanel/src" />
		</Unit>
		<Unit filename="../../ofxControlPanel/src/guiTypeVideo.cpp">
			<Option virtualFolder="addons/ofxControlPanel/src" />
		</Unit>
		<Unit filename="../../ofxControlPanel/src/guiTypeVideo.h">
			<Option virtualFolder="addons/ofxControlPanel/src" />
		</Unit>
		<Unit filename="../../ofxControlPanel/src/guiValue.cpp">
			<Option virtualFolder="addons/ofxControlPanel/src" />
		</Unit>
		<Unit filename="../../ofxControlPanel/src/guiValue.h">
			<Option virtualFolder="addons/ofxControlPanel/src" />
		</Unit>
		<Unit filename="../../ofxControlPanel/src/guiVariablePointer.h">
			<Option virtualFolder="addons/ofxControlPanel/src" />
		</Unit>
		<Unit filename="../../ofxControlPanel/src/guiXmlValue.h">
			<Option virtualFolder="addons/ofxControlPanel/src" />
		</Unit>
		<Unit filename="../../ofxControlPanel/src/ofxAutoControlPanel.h">
			<Option virtualFolder="addons/ofxControlPanel/src" />
		</Unit>
		<Unit filename="../../ofxControlPanel/src/ofxControlPanel.cpp">
			<Option virtualFolder="addons/ofxControlPanel/src" />
		</Unit>
		<Unit filename="../../ofxControlPanel/src/ofxControlPanel.h">
			<Option virtualFolder="addons/ofxControlPanel/src" />
		</Unit>
		<Unit filename="../../ofxControlPanel/src/simpleColor.cpp">
			<Option virtualFolder="addons/ofxControlPanel/src" />
		</Unit>
		<Unit filename="../../ofxControlPanel/src/simpleColor.h">
			<Option virtualFolder="addons/ofxControlPanel/src" />
		</Unit>
		<Unit filename="../../ofxControlPanel/src/simpleFileLister.cpp">
			<Option virtualFolder="addons/ofxControlPanel/src" />
		</Unit>
		<Unit filename="../../ofxControlPanel/src/simpleFileLister.h">
			<Option virtualFolder="addons/ofxControlPanel/src" />
		</Unit>
		<Unit filename="../../ofxControlPanel/src/simpleLogger.cpp">
			<Option virtualFolder="addons/ofxControlPanel/src" />
		</Unit>
		<Unit filename="../../ofxControlPanel/src/simpleLogger.h">
			<Option virtualFolder="addons/ofxControlPanel/src" />
		</Unit>
		<Unit filename="../../ofxXmlSettings/libs/tinyxml.cpp">
			<Option virtualFolder="addons/ofxXmlSettings/libs" />
		</Unit>
		<Unit filename="../../ofxXmlSettings/libs/tinyxml.h">
			<Option virtualFolder="addons/ofxXmlSettings/libs" />
		</Unit>
		<Unit filename="../../ofxXmlSettings/libs/tinyxmlerror.cpp">
			<Option virtualFolder="addons/ofxXmlSettings/libs" />
		</Unit>
		<Unit filename="../../ofxXmlSettings/libs/tinyxmlparser.cpp">
			<Option virtualFolder="addons/ofxXmlSettings/libs" />
		</Unit>
		<Unit filename="../../ofxXmlSettings/src/ofxXmlSettings.cpp">
			<Option virtualFolder="addons/ofxXmlSettings/src" />
		</Unit>
		<Unit filename="../../ofxXmlSettings/src/ofxXmlSettings.h">
			<Option virtualFolder="addons/ofxXmlSettings/src" />
		</Unit>
		<Unit filename="../src/matrix_funcs.h">
			<Option virtualFolder="addons/ofxAppUtils/src" />
		</Unit>
		<Unit filename="../src/ofxApp.cpp">
			<Option virtualFolder="addons/ofxAppUtils/src" />
		</Unit>
		<Unit filename="../src/ofxApp.h">
			<Option virtualFolder="addons/ofxAppUtils/src" />
		</Unit>
		<Unit filename="../src/ofxAppUtils.h">
			<Option virtualFolder="addons/ofxAppUtils/src" />
		</Unit>
		<Unit filename="../src/ofxBitmapString.h">
			<Option virtualFolder="addons/ofxAppUtils/src" />
		</Unit>
		<Unit filename="../src/ofxParticle.cpp">
			<Option virtualFolder="addons/ofxAppUtils/src" />
		</Unit>
		<Unit filename="../src/ofxParticle.h">
			<Option virtualFolder="addons/ofxAppUtils/src" />
		</Unit>
		<Unit filename="../src/ofxParticleManager.h">
			<Option virtualFolder="addons/ofxAppUtils/src" />
		</Unit>
		<Unit filename="../src/ofxQuadWarper.cpp">
			<Option virtualFolder="addons/ofxAppUtils/src" />
		</Unit>
		<Unit filename="../src/ofxQuadWarper.h">
			<Option virtualFolder="addons/ofxAppUtils/src" />
		</Unit>
		<Unit filename="../src/ofxScene.cpp">
			<Option virtualFolder="addons/ofxAppUtils/src" />
		</Unit>
		<Unit filename="../src/ofxScene.h">
			<Option virtualFolder="addons/ofxAppUtils/src" />
		</Unit>
		<Unit filename="../src/ofxSceneManager.cpp">
			<Option virtualFolder="addons/ofxAppUtils/src" />
		</Unit>
		<Unit filename="../src/ofxSceneManager.h">
			<Option virtualFolder="addons/ofxAppUtils/src" />
		</Unit>
		<Unit filename="../src/ofxTimer.h">
			<Option virtualFolder="addons/ofxAppUtils/src" />
		</Unit>
		<Unit filename="../src/ofxTransformer.cpp">
			<Option virtualFolder="addons/ofxAppUtils/src" />
		</Unit>
		<Unit filename="../src/ofxTransformer.h">
			<Option virtualFolder="addons/ofxAppUtils/src" />
		</Unit>
		<Unit filename="icon.rc">
			<Option compilerVar="WINDRES" />
		</Unit>
		<Unit filename="src/main.cpp">
			<Option virtualFolder="src" />
		</Unit>
		<Unit filename="src/scenes/LineScene.h">
			<Option virtualFolder="src/scenes" />
		</Unit>
		<Unit filename="src/scenes/ParticleScene.h">
			<Option virtualFolder="src/scenes" />
		</Unit>
		<Unit filename="src/scenes/scenes.h">
			<Option virtualFolder="src/scenes" />
		</Unit>
		<Unit filename="src/testApp.cpp">
			<Option virtualFolder="src" />
		</Unit>
		<Unit filename="src/testApp.h">
			<Option virtualFolder="src" />
		</Unit>
		<Extensions>
			<code_completion />
			<debugger />
			<envvars />
		</Extensions>
	</Project>
</CodeBlocks_project_file>
