<?xml version="1.0" encoding="utf-8"?>
<Project ToolsVersion="4.0" xmlns="http://schemas.microsoft.com/developer/msbuild/2003">
  <ItemGroup>
    <ClCompile Include="src\testApp.cpp">
      <Filter>src</Filter>
    </ClCompile>
    <ClCompile Include="src\main.cpp">
      <Filter>src</Filter>
    </ClCompile>
    <ClCompile Include="src\main.cpp">
      <Filter>src</Filter>
    </ClCompile>
    <ClCompile Include="src\testApp.cpp">
      <Filter>src</Filter>
    </ClCompile>
    <ClCompile Include="..\..\..\addons\ofxAppUtils\src\ofxApp.cpp">
      <Filter>addons\ofxAppUtils\src</Filter>
    </ClCompile>
    <ClCompile Include="..\..\..\addons\ofxAppUtils\src\ofxParticle.cpp">
      <Filter>addons\ofxAppUtils\src</Filter>
    </ClCompile>
    <ClCompile Include="..\..\..\addons\ofxAppUtils\src\ofxQuadWarper.cpp">
      <Filter>addons\ofxAppUtils\src</Filter>
    </ClCompile>
    <ClCompile Include="..\..\..\addons\ofxAppUtils\src\ofxScene.cpp">
      <Filter>addons\ofxAppUtils\src</Filter>
    </ClCompile>
    <ClCompile Include="..\..\..\addons\ofxAppUtils\src\ofxSceneManager.cpp">
      <Filter>addons\ofxAppUtils\src</Filter>
    </ClCompile>
    <ClCompile Include="..\..\..\addons\ofxAppUtils\src\ofxTransformer.cpp">
      <Filter>addons\ofxAppUtils\src</Filter>
    </ClCompile>
    <ClCompile Include="..\..\..\addons\ofxControlPanel\src\guiBaseObject.cpp">
      <Filter>addons\ofxControlPanel\src</Filter>
    </ClCompile>
    <ClCompile Include="..\..\..\addons\ofxControlPanel\src\guiCallback.cpp">
      <Filter>addons\ofxControlPanel\src</Filter>
    </ClCompile>
    <ClCompile Include="..\..\..\addons\ofxControlPanel\src\guiCallbackValue.cpp">
      <Filter>addons\ofxControlPanel\src</Filter>
    </ClCompile>
    <ClCompile Include="..\..\..\addons\ofxControlPanel\src\guiColor.cpp">
      <Filter>addons\ofxControlPanel\src</Filter>
    </ClCompile>
    <ClCompile Include="..\..\..\addons\ofxControlPanel\src\guiTextBase.cpp">
      <Filter>addons\ofxControlPanel\src</Filter>
    </ClCompile>
    <ClCompile Include="..\..\..\addons\ofxControlPanel\src\guiType2DSlider.cpp">
      <Filter>addons\ofxControlPanel\src</Filter>
    </ClCompile>
    <ClCompile Include="..\..\..\addons\ofxControlPanel\src\guiTypeButtonSlider.cpp">
      <Filter>addons\ofxControlPanel\src</Filter>
    </ClCompile>
    <ClCompile Include="..\..\..\addons\ofxControlPanel\src\guiTypeChartPlotter.cpp">
      <Filter>addons\ofxControlPanel\src</Filter>
    </ClCompile>
    <ClCompile Include="..\..\..\addons\ofxControlPanel\src\guiTypeCustom.cpp">
      <Filter>addons\ofxControlPanel\src</Filter>
    </ClCompile>
    <ClCompile Include="..\..\..\addons\ofxControlPanel\src\guiTypeDrawable.cpp">
      <Filter>addons\ofxControlPanel\src</Filter>
    </ClCompile>
    <ClCompile Include="..\..\..\addons\ofxControlPanel\src\guiTypeFileLister.cpp">
      <Filter>addons\ofxControlPanel\src</Filter>
    </ClCompile>
    <ClCompile Include="..\..\..\addons\ofxControlPanel\src\guiTypeLabel.cpp">
      <Filter>addons\ofxControlPanel\src</Filter>
    </ClCompile>
    <ClCompile Include="..\..\..\addons\ofxControlPanel\src\guiTypeLogger.cpp">
      <Filter>addons\ofxControlPanel\src</Filter>
    </ClCompile>
    <ClCompile Include="..\..\..\addons\ofxControlPanel\src\guiTypeMultiToggle.cpp">
      <Filter>addons\ofxControlPanel\src</Filter>
    </ClCompile>
    <ClCompile Include="..\..\..\addons\ofxControlPanel\src\guiTypePanel.cpp">
      <Filter>addons\ofxControlPanel\src</Filter>
    </ClCompile>
    <ClCompile Include="..\..\..\addons\ofxControlPanel\src\guiTypeSlider.cpp">
      <Filter>addons\ofxControlPanel\src</Filter>
    </ClCompile>
    <ClCompile Include="..\..\..\addons\ofxControlPanel\src\guiTypeText.cpp">
      <Filter>addons\ofxControlPanel\src</Filter>
    </ClCompile>
    <ClCompile Include="..\..\..\addons\ofxControlPanel\src\guiTypeTextDropDown.cpp">
      <Filter>addons\ofxControlPanel\src</Filter>
    </ClCompile>
    <ClCompile Include="..\..\..\addons\ofxControlPanel\src\guiTypeTextInput.cpp">
      <Filter>addons\ofxControlPanel\src</Filter>
    </ClCompile>
    <ClCompile Include="..\..\..\addons\ofxControlPanel\src\guiTypeToggle.cpp">
      <Filter>addons\ofxControlPanel\src</Filter>
    </ClCompile>
    <ClCompile Include="..\..\..\addons\ofxControlPanel\src\guiTypeVairableLister.cpp">
      <Filter>addons\ofxControlPanel\src</Filter>
    </ClCompile>
    <ClCompile Include="..\..\..\addons\ofxControlPanel\src\guiTypeVideo.cpp">
      <Filter>addons\ofxControlPanel\src</Filter>
    </ClCompile>
    <ClCompile Include="..\..\..\addons\ofxControlPanel\src\guiValue.cpp">
      <Filter>addons\ofxControlPanel\src</Filter>
    </ClCompile>
    <ClCompile Include="..\..\..\addons\ofxControlPanel\src\ofxControlPanel.cpp">
      <Filter>addons\ofxControlPanel\src</Filter>
    </ClCompile>
    <ClCompile Include="..\..\..\addons\ofxControlPanel\src\simpleColor.cpp">
      <Filter>addons\ofxControlPanel\src</Filter>
    </ClCompile>
    <ClCompile Include="..\..\..\addons\ofxControlPanel\src\simpleFileLister.cpp">
      <Filter>addons\ofxControlPanel\src</Filter>
    </ClCompile>
    <ClCompile Include="..\..\..\addons\ofxControlPanel\src\simpleLogger.cpp">
      <Filter>addons\ofxControlPanel\src</Filter>
    </ClCompile>
    <ClCompile Include="..\..\..\addons\ofxXmlSettings\src\ofxXmlSettings.cpp">
      <Filter>addons\ofxXmlSettings\src</Filter>
    </ClCompile>
    <ClCompile Include="..\..\..\addons\ofxXmlSettings\libs\tinyxml.cpp">
      <Filter>addons\ofxXmlSettings\libs</Filter>
    </ClCompile>
    <ClCompile Include="..\..\..\addons\ofxXmlSettings\libs\tinyxmlerror.cpp">
      <Filter>addons\ofxXmlSettings\libs</Filter>
    </ClCompile>
    <ClCompile Include="..\..\..\addons\ofxXmlSettings\libs\tinyxmlparser.cpp">
      <Filter>addons\ofxXmlSettings\libs</Filter>
    </ClCompile>
  </ItemGroup>
  <ItemGroup>
    <Filter Include="src">
      <UniqueIdentifier>{d8376475-7454-4a24-b08a-aac121d3ad6f}</UniqueIdentifier>
    </Filter>
    <Filter Include="src\scenes">
      <UniqueIdentifier>{8e7977d1-1db1-ab02-a133-0ec0}</UniqueIdentifier>
    </Filter>
    <Filter Include="addons">
      <UniqueIdentifier>{71834f65-f3a9-211e-73b8-dc85}</UniqueIdentifier>
    </Filter>
    <Filter Include="addons\ofxAppUtils">
      <UniqueIdentifier>{189be19e-1c16-c397-42fa-1242}</UniqueIdentifier>
    </Filter>
    <Filter Include="addons\ofxAppUtils\src">
      <UniqueIdentifier>{aeacc229-5f4f-9834-c85e-e0e8}</UniqueIdentifier>
    </Filter>
    <Filter Include="addons\ofxControlPanel">
      <UniqueIdentifier>{03749f6c-8fd5-97a9-12fa-65fc}</UniqueIdentifier>
    </Filter>
    <Filter Include="addons\ofxControlPanel\src">
      <UniqueIdentifier>{bd058f6b-5ecd-b760-76a9-43ac}</UniqueIdentifier>
    </Filter>
    <Filter Include="addons\ofxXmlSettings">
      <UniqueIdentifier>{877f005d-13e6-0592-1d97-f2e3}</UniqueIdentifier>
    </Filter>
    <Filter Include="addons\ofxXmlSettings\src">
      <UniqueIdentifier>{ccb2ac63-49d2-977c-cfe8-aead}</UniqueIdentifier>
    </Filter>
    <Filter Include="addons\ofxXmlSettings\libs">
      <UniqueIdentifier>{687714a8-1662-fa1c-261f-50f0}</UniqueIdentifier>
    </Filter>
  </ItemGroup>
  <ItemGroup>
    <ClInclude Include="src\testApp.h">
      <Filter>src</Filter>
    </ClInclude>
    <ClInclude Include="src\scenes\LineScene.h">
      <Filter>src\scenes</Filter>
    </ClInclude>
    <ClInclude Include="src\scenes\ParticleScene.h">
      <Filter>src\scenes</Filter>
    </ClInclude>
    <ClInclude Include="src\scenes\scenes.h">
      <Filter>src\scenes</Filter>
    </ClInclude>
    <ClInclude Include="src\testApp.h">
      <Filter>src</Filter>
    </ClInclude>
    <ClInclude Include="..\..\..\addons\ofxAppUtils\src\matrix_funcs.h">
      <Filter>addons\ofxAppUtils\src</Filter>
    </ClInclude>
    <ClInclude Include="..\..\..\addons\ofxAppUtils\src\ofxApp.h">
      <Filter>addons\ofxAppUtils\src</Filter>
    </ClInclude>
    <ClInclude Include="..\..\..\addons\ofxAppUtils\src\ofxAppUtils.h">
      <Filter>addons\ofxAppUtils\src</Filter>
    </ClInclude>
    <ClInclude Include="..\..\..\addons\ofxAppUtils\src\ofxBitmapString.h">
      <Filter>addons\ofxAppUtils\src</Filter>
    </ClInclude>
    <ClInclude Include="..\..\..\addons\ofxAppUtils\src\ofxParticle.h">
      <Filter>addons\ofxAppUtils\src</Filter>
    </ClInclude>
    <ClInclude Include="..\..\..\addons\ofxAppUtils\src\ofxParticleManager.h">
      <Filter>addons\ofxAppUtils\src</Filter>
    </ClInclude>
    <ClInclude Include="..\..\..\addons\ofxAppUtils\src\ofxQuadWarper.h">
      <Filter>addons\ofxAppUtils\src</Filter>
    </ClInclude>
    <ClInclude Include="..\..\..\addons\ofxAppUtils\src\ofxScene.h">
      <Filter>addons\ofxAppUtils\src</Filter>
    </ClInclude>
    <ClInclude Include="..\..\..\addons\ofxAppUtils\src\ofxSceneManager.h">
      <Filter>addons\ofxAppUtils\src</Filter>
    </ClInclude>
    <ClInclude Include="..\..\..\addons\ofxAppUtils\src\ofxTimer.h">
      <Filter>addons\ofxAppUtils\src</Filter>
    </ClInclude>
    <ClInclude Include="..\..\..\addons\ofxAppUtils\src\ofxTransformer.h">
      <Filter>addons\ofxAppUtils\src</Filter>
    </ClInclude>
    <ClInclude Include="..\..\..\addons\ofxControlPanel\src\guiBaseObject.h">
      <Filter>addons\ofxControlPanel\src</Filter>
    </ClInclude>
    <ClInclude Include="..\..\..\addons\ofxControlPanel\src\guiCallback.h">
      <Filter>addons\ofxControlPanel\src</Filter>
    </ClInclude>
    <ClInclude Include="..\..\..\addons\ofxControlPanel\src\guiCallbackValue.h">
      <Filter>addons\ofxControlPanel\src</Filter>
    </ClInclude>
    <ClInclude Include="..\..\..\addons\ofxControlPanel\src\guiColor.h">
      <Filter>addons\ofxControlPanel\src</Filter>
    </ClInclude>
    <ClInclude Include="..\..\..\addons\ofxControlPanel\src\guiCustomImpl.h">
      <Filter>addons\ofxControlPanel\src</Filter>
    </ClInclude>
    <ClInclude Include="..\..\..\addons\ofxControlPanel\src\guiIncludes.h">
      <Filter>addons\ofxControlPanel\src</Filter>
    </ClInclude>
    <ClInclude Include="..\..\..\addons\ofxControlPanel\src\guiTextBase.h">
      <Filter>addons\ofxControlPanel\src</Filter>
    </ClInclude>
    <ClInclude Include="..\..\..\addons\ofxControlPanel\src\guiType2DSlider.h">
      <Filter>addons\ofxControlPanel\src</Filter>
    </ClInclude>
    <ClInclude Include="..\..\..\addons\ofxControlPanel\src\guiTypeButtonSlider.h">
      <Filter>addons\ofxControlPanel\src</Filter>
    </ClInclude>
    <ClInclude Include="..\..\..\addons\ofxControlPanel\src\guiTypeChartPlotter.h">
      <Filter>addons\ofxControlPanel\src</Filter>
    </ClInclude>
    <ClInclude Include="..\..\..\addons\ofxControlPanel\src\guiTypeCustom.h">
      <Filter>addons\ofxControlPanel\src</Filter>
    </ClInclude>
    <ClInclude Include="..\..\..\addons\ofxControlPanel\src\guiTypeDrawable.h">
      <Filter>addons\ofxControlPanel\src</Filter>
    </ClInclude>
    <ClInclude Include="..\..\..\addons\ofxControlPanel\src\guiTypeFileLister.h">
      <Filter>addons\ofxControlPanel\src</Filter>
    </ClInclude>
    <ClInclude Include="..\..\..\addons\ofxControlPanel\src\guiTypeLabel.h">
      <Filter>addons\ofxControlPanel\src</Filter>
    </ClInclude>
    <ClInclude Include="..\..\..\addons\ofxControlPanel\src\guiTypeLogger.h">
      <Filter>addons\ofxControlPanel\src</Filter>
    </ClInclude>
    <ClInclude Include="..\..\..\addons\ofxControlPanel\src\guiTypeMultiToggle.h">
      <Filter>addons\ofxControlPanel\src</Filter>
    </ClInclude>
    <ClInclude Include="..\..\..\addons\ofxControlPanel\src\guiTypePanel.h">
      <Filter>addons\ofxControlPanel\src</Filter>
    </ClInclude>
    <ClInclude Include="..\..\..\addons\ofxControlPanel\src\guiTypeSlider.h">
      <Filter>addons\ofxControlPanel\src</Filter>
    </ClInclude>
    <ClInclude Include="..\..\..\addons\ofxControlPanel\src\guiTypeText.h">
      <Filter>addons\ofxControlPanel\src</Filter>
    </ClInclude>
    <ClInclude Include="..\..\..\addons\ofxControlPanel\src\guiTypeTextDropDown.h">
      <Filter>addons\ofxControlPanel\src</Filter>
    </ClInclude>
    <ClInclude Include="..\..\..\addons\ofxControlPanel\src\guiTypeTextInput.h">
      <Filter>addons\ofxControlPanel\src</Filter>
    </ClInclude>
    <ClInclude Include="..\..\..\addons\ofxControlPanel\src\guiTypeToggle.h">
      <Filter>addons\ofxControlPanel\src</Filter>
    </ClInclude>
    <ClInclude Include="..\..\..\addons\ofxControlPanel\src\guiTypeVairableLister.h">
      <Filter>addons\ofxControlPanel\src</Filter>
    </ClInclude>
    <ClInclude Include="..\..\..\addons\ofxControlPanel\src\guiTypeVideo.h">
      <Filter>addons\ofxControlPanel\src</Filter>
    </ClInclude>
    <ClInclude Include="..\..\..\addons\ofxControlPanel\src\guiValue.h">
      <Filter>addons\ofxControlPanel\src</Filter>
    </ClInclude>
    <ClInclude Include="..\..\..\addons\ofxControlPanel\src\guiVariablePointer.h">
      <Filter>addons\ofxControlPanel\src</Filter>
    </ClInclude>
    <ClInclude Include="..\..\..\addons\ofxControlPanel\src\guiXmlValue.h">
      <Filter>addons\ofxControlPanel\src</Filter>
    </ClInclude>
    <ClInclude Include="..\..\..\addons\ofxControlPanel\src\ofxAutoControlPanel.h">
      <Filter>addons\ofxControlPanel\src</Filter>
    </ClInclude>
    <ClInclude Include="..\..\..\addons\ofxControlPanel\src\ofxControlPanel.h">
      <Filter>addons\ofxControlPanel\src</Filter>
    </ClInclude>
    <ClInclude Include="..\..\..\addons\ofxControlPanel\src\simpleColor.h">
      <Filter>addons\ofxControlPanel\src</Filter>
    </ClInclude>
    <ClInclude Include="..\..\..\addons\ofxControlPanel\src\simpleFileLister.h">
      <Filter>addons\ofxControlPanel\src</Filter>
    </ClInclude>
    <ClInclude Include="..\..\..\addons\ofxControlPanel\src\simpleLogger.h">
      <Filter>addons\ofxControlPanel\src</Filter>
    </ClInclude>
    <ClInclude Include="..\..\..\addons\ofxXmlSettings\src\ofxXmlSettings.h">
      <Filter>addons\ofxXmlSettings\src</Filter>
    </ClInclude>
    <ClInclude Include="..\..\..\addons\ofxXmlSettings\libs\tinyxml.h">
      <Filter>addons\ofxXmlSettings\libs</Filter>
    </ClInclude>
  </ItemGroup>
  <ItemGroup>
    <ResourceCompile Include="icon.rc" />
  </ItemGroup>
</Project>